// !$*UTF8*$!
{
	archiveVersion = 1;
	classes = {
	};
	objectVersion = 56;
	objects = {

/* Begin PBXBuildFile section */
		3700B87429718E9F005D975D /* FishDetailsTableViewCell.swift in Sources */ = {isa = PBXBuildFile; fileRef = 3700B87329718E9F005D975D /* FishDetailsTableViewCell.swift */; };
		3700B87629719652005D975D /* BugDetailsTableViewCell.swift in Sources */ = {isa = PBXBuildFile; fileRef = 3700B87529719652005D975D /* BugDetailsTableViewCell.swift */; };
		3702B44A296EAEE1008AB36D /* SeaCreatureDetailsViewController.swift in Sources */ = {isa = PBXBuildFile; fileRef = 3702B449296EAEE1008AB36D /* SeaCreatureDetailsViewController.swift */; };
		3702B44C296EB622008AB36D /* SeaCreatureDetailsTableViewCell.swift in Sources */ = {isa = PBXBuildFile; fileRef = 3702B44B296EB622008AB36D /* SeaCreatureDetailsTableViewCell.swift */; };
		3702B44E296EE22F008AB36D /* FinkHeavy.ttf in Resources */ = {isa = PBXBuildFile; fileRef = 3702B44D296EE223008AB36D /* FinkHeavy.ttf */; };
		3702B452296EFD68008AB36D /* FishViewModel.swift in Sources */ = {isa = PBXBuildFile; fileRef = 3702B451296EFD68008AB36D /* FishViewModel.swift */; };
		3702B454296EFE40008AB36D /* CreatureCollectionReusableView.swift in Sources */ = {isa = PBXBuildFile; fileRef = 3702B453296EFE40008AB36D /* CreatureCollectionReusableView.swift */; };
		3702B456296EFF67008AB36D /* FishCollectionViewCell.swift in Sources */ = {isa = PBXBuildFile; fileRef = 3702B455296EFF67008AB36D /* FishCollectionViewCell.swift */; };
		3702B459296F01F2008AB36D /* FishDetailsViewController.swift in Sources */ = {isa = PBXBuildFile; fileRef = 3702B458296F01F2008AB36D /* FishDetailsViewController.swift */; };
		3702B45B296F02F7008AB36D /* BugViewModel.swift in Sources */ = {isa = PBXBuildFile; fileRef = 3702B45A296F02F7008AB36D /* BugViewModel.swift */; };
		3702B460296F07BE008AB36D /* BugCollectionViewCell.swift in Sources */ = {isa = PBXBuildFile; fileRef = 3702B45F296F07BE008AB36D /* BugCollectionViewCell.swift */; };
		3702B462296F09BB008AB36D /* BugDetailsViewController.swift in Sources */ = {isa = PBXBuildFile; fileRef = 3702B461296F09BB008AB36D /* BugDetailsViewController.swift */; };
		3702B464296F0C4B008AB36D /* FossilViewModel.swift in Sources */ = {isa = PBXBuildFile; fileRef = 3702B463296F0C4B008AB36D /* FossilViewModel.swift */; };
		3702B466296F0CDF008AB36D /* FossilCollectionViewCell.swift in Sources */ = {isa = PBXBuildFile; fileRef = 3702B465296F0CDF008AB36D /* FossilCollectionViewCell.swift */; };
		3702B46D296F1010008AB36D /* FossilDetailsViewController.swift in Sources */ = {isa = PBXBuildFile; fileRef = 3702B46C296F1010008AB36D /* FossilDetailsViewController.swift */; };
		370385D52979369A002CC431 /* SeaCreatures.json in Resources */ = {isa = PBXBuildFile; fileRef = 370385D42979369A002CC431 /* SeaCreatures.json */; };
		370385D6297936CC002CC431 /* SeaCreatures.json in Resources */ = {isa = PBXBuildFile; fileRef = 370385D42979369A002CC431 /* SeaCreatures.json */; };
		370385DB2979370C002CC431 /* Fossils.json in Resources */ = {isa = PBXBuildFile; fileRef = 370385DA2979370C002CC431 /* Fossils.json */; };
		370385DC29793710002CC431 /* Fossils.json in Resources */ = {isa = PBXBuildFile; fileRef = 370385DA2979370C002CC431 /* Fossils.json */; };
		370385DE29793738002CC431 /* SeaCreaturesMapping.swift in Sources */ = {isa = PBXBuildFile; fileRef = 370385DD29793738002CC431 /* SeaCreaturesMapping.swift */; };
		370385E0297937CF002CC431 /* BugsMapping.swift in Sources */ = {isa = PBXBuildFile; fileRef = 370385DF297937CF002CC431 /* BugsMapping.swift */; };
		370385E12979389E002CC431 /* Bugs.json in Resources */ = {isa = PBXBuildFile; fileRef = 370385E42979389E002CC431 /* Bugs.json */; };
		370385E22979389E002CC431 /* Bugs.json in Resources */ = {isa = PBXBuildFile; fileRef = 370385E42979389E002CC431 /* Bugs.json */; };
		370385E629793CC9002CC431 /* FishViewModelTests.swift in Sources */ = {isa = PBXBuildFile; fileRef = 370385E529793CC9002CC431 /* FishViewModelTests.swift */; };
		370385E929793D66002CC431 /* CurrentCalendarMock.swift in Sources */ = {isa = PBXBuildFile; fileRef = 370385E829793D65002CC431 /* CurrentCalendarMock.swift */; };
		370385EB29793D75002CC431 /* ServiceMock.swift in Sources */ = {isa = PBXBuildFile; fileRef = 370385EA29793D75002CC431 /* ServiceMock.swift */; };
		370385ED29793E31002CC431 /* DispatchQueueMock.swift in Sources */ = {isa = PBXBuildFile; fileRef = 370385EC29793E31002CC431 /* DispatchQueueMock.swift */; };
		370385EF29793F5F002CC431 /* SeaCreatureViewModelTests.swift in Sources */ = {isa = PBXBuildFile; fileRef = 370385EE29793F5F002CC431 /* SeaCreatureViewModelTests.swift */; };
		370385F12979411D002CC431 /* BugViewModelTests.swift in Sources */ = {isa = PBXBuildFile; fileRef = 370385F02979411D002CC431 /* BugViewModelTests.swift */; };
		370385F32979423F002CC431 /* FossilsMapping.swift in Sources */ = {isa = PBXBuildFile; fileRef = 370385F22979423F002CC431 /* FossilsMapping.swift */; };
		370385F729794487002CC431 /* FossilViewModelTests.swift in Sources */ = {isa = PBXBuildFile; fileRef = 370385F629794487002CC431 /* FossilViewModelTests.swift */; };
		3703860329799102002CC431 /* ErrorView.swift in Sources */ = {isa = PBXBuildFile; fileRef = 3703860229799102002CC431 /* ErrorView.swift */; };
		3703860B29799AA3002CC431 /* RealmSwift in Frameworks */ = {isa = PBXBuildFile; productRef = 3703860A29799AA3002CC431 /* RealmSwift */; };
		370492122980274300B58CC7 /* ProgressDashboardViewController.swift in Sources */ = {isa = PBXBuildFile; fileRef = 370492112980274300B58CC7 /* ProgressDashboardViewController.swift */; };
		3712569F298BF31800507D2D /* Localizable.strings in Resources */ = {isa = PBXBuildFile; fileRef = 371256A1298BF31800507D2D /* Localizable.strings */; };
		37137585296C58F500F39C83 /* ImageView.swift in Sources */ = {isa = PBXBuildFile; fileRef = 37137584296C58F500F39C83 /* ImageView.swift */; };
		37137587296C67F600F39C83 /* String.swift in Sources */ = {isa = PBXBuildFile; fileRef = 37137586296C67F600F39C83 /* String.swift */; };
		372AF6C129BA232800821E87 /* GoogleService-Info.plist in Resources */ = {isa = PBXBuildFile; fileRef = 372AF6C029BA232800821E87 /* GoogleService-Info.plist */; };
		373D5A9229A5167E00EC29C8 /* Protocols.swift in Sources */ = {isa = PBXBuildFile; fileRef = 373D5A9129A5167D00EC29C8 /* Protocols.swift */; };
		373F034829D1ABCC0058949B /* ACNHFishServiceTests.swift in Sources */ = {isa = PBXBuildFile; fileRef = 373F034729D1ABCC0058949B /* ACNHFishServiceTests.swift */; };
		373F034A29D1E7280058949B /* ACNHSeaCreatureServiceTests.swift in Sources */ = {isa = PBXBuildFile; fileRef = 373F034929D1E7280058949B /* ACNHSeaCreatureServiceTests.swift */; };
		373F034C29D1FC6F0058949B /* ACNHBugServiceTests.swift in Sources */ = {isa = PBXBuildFile; fileRef = 373F034B29D1FC6F0058949B /* ACNHBugServiceTests.swift */; };
		373F034E29D1FFCA0058949B /* ACNHFossilServiceTests.swift in Sources */ = {isa = PBXBuildFile; fileRef = 373F034D29D1FFCA0058949B /* ACNHFossilServiceTests.swift */; };
		37563CF229911C1D00739397 /* FishDetailsViewModel.swift in Sources */ = {isa = PBXBuildFile; fileRef = 37563CF129911C1D00739397 /* FishDetailsViewModel.swift */; };
		375B9D2B2987D37C00E5B36D /* CreatureManager.swift in Sources */ = {isa = PBXBuildFile; fileRef = 375B9D2A2987D37C00E5B36D /* CreatureManager.swift */; };
		376035862983E181001498C3 /* FishDetailsTableViewCellViewModel.swift in Sources */ = {isa = PBXBuildFile; fileRef = 376035852983E181001498C3 /* FishDetailsTableViewCellViewModel.swift */; };
		3765CE56298AA14E009E6CCF /* FishDetailsTableViewCellViewModelTests.swift in Sources */ = {isa = PBXBuildFile; fileRef = 3765CE55298AA14E009E6CCF /* FishDetailsTableViewCellViewModelTests.swift */; };
		3765CE59298AA253009E6CCF /* RealmSwift in Frameworks */ = {isa = PBXBuildFile; productRef = 3765CE58298AA253009E6CCF /* RealmSwift */; };
		37671B7A299CF93E00453F70 /* Fish.swift in Sources */ = {isa = PBXBuildFile; fileRef = 37671B79299CF93E00453F70 /* Fish.swift */; };
		37671B82299D26C300453F70 /* SeaCreature.swift in Sources */ = {isa = PBXBuildFile; fileRef = 37671B81299D26C300453F70 /* SeaCreature.swift */; };
		37671B84299D26F900453F70 /* Bug.swift in Sources */ = {isa = PBXBuildFile; fileRef = 37671B83299D26F900453F70 /* Bug.swift */; };
		37671B86299D272900453F70 /* Fossil.swift in Sources */ = {isa = PBXBuildFile; fileRef = 37671B85299D272900453F70 /* Fossil.swift */; };
		377252F829AF6D8200F08602 /* CreaturePeekerMock.swift in Sources */ = {isa = PBXBuildFile; fileRef = 377252F729AF6D8200F08602 /* CreaturePeekerMock.swift */; };
		377252FA29AF6EB400F08602 /* CreatureWriterMock.swift in Sources */ = {isa = PBXBuildFile; fileRef = 377252F929AF6EB400F08602 /* CreatureWriterMock.swift */; };
		377252FC29AF806F00F08602 /* FishService.swift in Sources */ = {isa = PBXBuildFile; fileRef = 377252FB29AF806F00F08602 /* FishService.swift */; };
		3772530029AF838B00F08602 /* SeaCreatureService.swift in Sources */ = {isa = PBXBuildFile; fileRef = 377252FF29AF838B00F08602 /* SeaCreatureService.swift */; };
		3772530229AF839600F08602 /* BugService.swift in Sources */ = {isa = PBXBuildFile; fileRef = 3772530129AF839600F08602 /* BugService.swift */; };
		3772530429AF83A100F08602 /* FossilService.swift in Sources */ = {isa = PBXBuildFile; fileRef = 3772530329AF83A100F08602 /* FossilService.swift */; };
		37747C09297EFEB400514352 /* ReloadDataDelegate.swift in Sources */ = {isa = PBXBuildFile; fileRef = 37747C08297EFEB400514352 /* ReloadDataDelegate.swift */; };
		377AA84C29B1F16D002104D1 /* FishDashboardTableViewCellViewModelTests.swift in Sources */ = {isa = PBXBuildFile; fileRef = 377AA84B29B1F16D002104D1 /* FishDashboardTableViewCellViewModelTests.swift */; };
		377AA84E29B1F8C7002104D1 /* SeaCreatureDashboardTableViewCellViewModelTests.swift in Sources */ = {isa = PBXBuildFile; fileRef = 377AA84D29B1F8C7002104D1 /* SeaCreatureDashboardTableViewCellViewModelTests.swift */; };
		377AA85029B1F8D6002104D1 /* BugDashboardTableViewCellViewModelTests.swift in Sources */ = {isa = PBXBuildFile; fileRef = 377AA84F29B1F8D6002104D1 /* BugDashboardTableViewCellViewModelTests.swift */; };
		377AA85229B1F8E7002104D1 /* FossilDashboardTableViewCellViewModelTests.swift in Sources */ = {isa = PBXBuildFile; fileRef = 377AA85129B1F8E7002104D1 /* FossilDashboardTableViewCellViewModelTests.swift */; };
		377AA85429B1FE5E002104D1 /* FishDetailsViewModelTests.swift in Sources */ = {isa = PBXBuildFile; fileRef = 377AA85329B1FE5E002104D1 /* FishDetailsViewModelTests.swift */; };
		377AA85629B20786002104D1 /* SeaCreaturesDetailsViewModelTests.swift in Sources */ = {isa = PBXBuildFile; fileRef = 377AA85529B20786002104D1 /* SeaCreaturesDetailsViewModelTests.swift */; };
		377AA85829B2081C002104D1 /* BugDetailsViewModelTests.swift in Sources */ = {isa = PBXBuildFile; fileRef = 377AA85729B2081C002104D1 /* BugDetailsViewModelTests.swift */; };
		377AA85A29B208BF002104D1 /* FossilDetailsViewModelTests.swift in Sources */ = {isa = PBXBuildFile; fileRef = 377AA85929B208BF002104D1 /* FossilDetailsViewModelTests.swift */; };
		377AA85C29B2106B002104D1 /* CreatureManagingMock.swift in Sources */ = {isa = PBXBuildFile; fileRef = 377AA85B29B2106B002104D1 /* CreatureManagingMock.swift */; };
		378D5D7029C1DB51004A2D6B /* ProgressDashboardViewModelTests.swift in Sources */ = {isa = PBXBuildFile; fileRef = 378D5D6F29C1DB51004A2D6B /* ProgressDashboardViewModelTests.swift */; };
		378DC60929704F030062107C /* DetailsCollectionViewCell.swift in Sources */ = {isa = PBXBuildFile; fileRef = 378DC60829704F030062107C /* DetailsCollectionViewCell.swift */; };
		3792FF3829896223005673E9 /* SeaCreaturesDetailsTableViewCellViewModel.swift in Sources */ = {isa = PBXBuildFile; fileRef = 3792FF3729896223005673E9 /* SeaCreaturesDetailsTableViewCellViewModel.swift */; };
		3792FF3A298967BB005673E9 /* BugDetailsTableViewCellViewModel.swift in Sources */ = {isa = PBXBuildFile; fileRef = 3792FF39298967BB005673E9 /* BugDetailsTableViewCellViewModel.swift */; };
		3792FF3C29896BF0005673E9 /* FossilDetailsTableViewCellViewModel.swift in Sources */ = {isa = PBXBuildFile; fileRef = 3792FF3B29896BF0005673E9 /* FossilDetailsTableViewCellViewModel.swift */; };
		379B3A0B29C9EECA008FFD79 /* FirebaseAnalytics in Frameworks */ = {isa = PBXBuildFile; productRef = 379B3A0A29C9EECA008FFD79 /* FirebaseAnalytics */; };
		379B3A0D29C9EECA008FFD79 /* FirebasePerformance in Frameworks */ = {isa = PBXBuildFile; productRef = 379B3A0C29C9EECA008FFD79 /* FirebasePerformance */; };
		379B3A0F29C9F555008FFD79 /* FirebaseCrashlytics in Frameworks */ = {isa = PBXBuildFile; productRef = 379B3A0E29C9F555008FFD79 /* FirebaseCrashlytics */; };
		379B3A1129C9F56C008FFD79 /* FirebaseAnalytics in Frameworks */ = {isa = PBXBuildFile; productRef = 379B3A1029C9F56C008FFD79 /* FirebaseAnalytics */; };
		379B3A1329C9F56C008FFD79 /* FirebaseCrashlytics in Frameworks */ = {isa = PBXBuildFile; productRef = 379B3A1229C9F56C008FFD79 /* FirebaseCrashlytics */; };
		379B3A1529C9F56C008FFD79 /* FirebasePerformance in Frameworks */ = {isa = PBXBuildFile; productRef = 379B3A1429C9F56C008FFD79 /* FirebasePerformance */; };
		379E8D6E298D0F3000ACEEF5 /* Constant.swift in Sources */ = {isa = PBXBuildFile; fileRef = 370385F4297942DF002CC431 /* Constant.swift */; };
		37A29F812978442000E043F0 /* FishesMapping.swift in Sources */ = {isa = PBXBuildFile; fileRef = 37A29F802978442000E043F0 /* FishesMapping.swift */; };
		37A29F83297844F300E043F0 /* DecodableBundle.swift in Sources */ = {isa = PBXBuildFile; fileRef = 37A29F82297844F300E043F0 /* DecodableBundle.swift */; };
		37A7135E29681A6F0075BF25 /* AppDelegate.swift in Sources */ = {isa = PBXBuildFile; fileRef = 37A7135D29681A6F0075BF25 /* AppDelegate.swift */; };
		37A7136029681A6F0075BF25 /* SceneDelegate.swift in Sources */ = {isa = PBXBuildFile; fileRef = 37A7135F29681A6F0075BF25 /* SceneDelegate.swift */; };
		37A7136729681A700075BF25 /* Assets.xcassets in Resources */ = {isa = PBXBuildFile; fileRef = 37A7136629681A700075BF25 /* Assets.xcassets */; };
		37A7136A29681A700075BF25 /* LaunchScreen.storyboard in Resources */ = {isa = PBXBuildFile; fileRef = 37A7136829681A700075BF25 /* LaunchScreen.storyboard */; };
		37A7137429681DA60075BF25 /* TabBarViewController.swift in Sources */ = {isa = PBXBuildFile; fileRef = 37A7137329681DA60075BF25 /* TabBarViewController.swift */; };
		37A7137629681F130075BF25 /* SeaCreatureViewController.swift in Sources */ = {isa = PBXBuildFile; fileRef = 37A7137529681F130075BF25 /* SeaCreatureViewController.swift */; };
		37A7137829681F1C0075BF25 /* BugViewController.swift in Sources */ = {isa = PBXBuildFile; fileRef = 37A7137729681F1C0075BF25 /* BugViewController.swift */; };
		37A7137A29681F2B0075BF25 /* FossilViewController.swift in Sources */ = {isa = PBXBuildFile; fileRef = 37A7137929681F2B0075BF25 /* FossilViewController.swift */; };
		37A7138229682B9B0075BF25 /* Networker.swift in Sources */ = {isa = PBXBuildFile; fileRef = 37A7137C29682B9B0075BF25 /* Networker.swift */; };
		37A7138329682B9B0075BF25 /* Networking.swift in Sources */ = {isa = PBXBuildFile; fileRef = 37A7137D29682B9B0075BF25 /* Networking.swift */; };
		37A7138429682B9B0075BF25 /* Service.swift in Sources */ = {isa = PBXBuildFile; fileRef = 37A7137E29682B9B0075BF25 /* Service.swift */; };
		37A7138529682B9B0075BF25 /* ACNHService.swift in Sources */ = {isa = PBXBuildFile; fileRef = 37A7137F29682B9B0075BF25 /* ACNHService.swift */; };
		37A7138629682B9B0075BF25 /* NetworkingError.swift in Sources */ = {isa = PBXBuildFile; fileRef = 37A7138029682B9B0075BF25 /* NetworkingError.swift */; };
		37A7138729682B9B0075BF25 /* DispatchQueueDelegate.swift in Sources */ = {isa = PBXBuildFile; fileRef = 37A7138129682B9B0075BF25 /* DispatchQueueDelegate.swift */; };
		37A7138E29682C940075BF25 /* Name.swift in Sources */ = {isa = PBXBuildFile; fileRef = 37A7138929682C940075BF25 /* Name.swift */; };
		37A7139D29682CF40075BF25 /* BugData.swift in Sources */ = {isa = PBXBuildFile; fileRef = 37A7139B29682CF40075BF25 /* BugData.swift */; };
		37A7139E29682CF40075BF25 /* BugAvailability.swift in Sources */ = {isa = PBXBuildFile; fileRef = 37A7139C29682CF40075BF25 /* BugAvailability.swift */; };
		37A713A029682CFC0075BF25 /* FossilData.swift in Sources */ = {isa = PBXBuildFile; fileRef = 37A7139F29682CFC0075BF25 /* FossilData.swift */; };
		37A713A329682D090075BF25 /* SeaCreatureData.swift in Sources */ = {isa = PBXBuildFile; fileRef = 37A713A129682D090075BF25 /* SeaCreatureData.swift */; };
		37A713A429682D090075BF25 /* SeaAvailability.swift in Sources */ = {isa = PBXBuildFile; fileRef = 37A713A229682D090075BF25 /* SeaAvailability.swift */; };
		37A713AC29682DBB0075BF25 /* FishData.swift in Sources */ = {isa = PBXBuildFile; fileRef = 37A713AA29682DBB0075BF25 /* FishData.swift */; };
		37A713AD29682DBB0075BF25 /* FishAvailability.swift in Sources */ = {isa = PBXBuildFile; fileRef = 37A713AB29682DBB0075BF25 /* FishAvailability.swift */; };
		37ACFB6E29685CDE008B065C /* SeaCreatureViewModel.swift in Sources */ = {isa = PBXBuildFile; fileRef = 37ACFB6D29685CDE008B065C /* SeaCreatureViewModel.swift */; };
		37ACFB7029685DAB008B065C /* FishViewController.swift in Sources */ = {isa = PBXBuildFile; fileRef = 37ACFB6F29685DAB008B065C /* FishViewController.swift */; };
		37ACFB7929686A9E008B065C /* SeaCreatureCollectionViewCell.swift in Sources */ = {isa = PBXBuildFile; fileRef = 37ACFB7829686A9E008B065C /* SeaCreatureCollectionViewCell.swift */; };
		37B02E14296D5EEF0084178D /* CalendarDelegate.swift in Sources */ = {isa = PBXBuildFile; fileRef = 37B02E13296D5EEF0084178D /* CalendarDelegate.swift */; };
		37B02E16296D5F820084178D /* CurrentCalendar.swift in Sources */ = {isa = PBXBuildFile; fileRef = 37B02E15296D5F820084178D /* CurrentCalendar.swift */; };
		37B252D429CC53AC00EB5B6A /* SeaCreatureServiceTests.swift in Sources */ = {isa = PBXBuildFile; fileRef = 37B252D329CC53AC00EB5B6A /* SeaCreatureServiceTests.swift */; };
		37B252D629CC53C000EB5B6A /* BugServiceTests.swift in Sources */ = {isa = PBXBuildFile; fileRef = 37B252D529CC53C000EB5B6A /* BugServiceTests.swift */; };
		37B252D829CC53D300EB5B6A /* FossilServiceTests.swift in Sources */ = {isa = PBXBuildFile; fileRef = 37B252D729CC53D300EB5B6A /* FossilServiceTests.swift */; };
		37BEADB329B77D8F0005F66E /* NetworkingMock.swift in Sources */ = {isa = PBXBuildFile; fileRef = 37BEADB229B77D8F0005F66E /* NetworkingMock.swift */; };
		37BEADB629B78E850005F66E /* FishServiceTests.swift in Sources */ = {isa = PBXBuildFile; fileRef = 37BEADB529B78E850005F66E /* FishServiceTests.swift */; };
		37C4134029785BBE001F6EE0 /* Fishes.json in Resources */ = {isa = PBXBuildFile; fileRef = 37C4134229785BBE001F6EE0 /* Fishes.json */; };
		37C4134329785BDC001F6EE0 /* Fishes.json in Resources */ = {isa = PBXBuildFile; fileRef = 37C4134229785BBE001F6EE0 /* Fishes.json */; };
		37C8A2FD299B7DAE002E74F5 /* SeaCreaturesDetailsViewModel.swift in Sources */ = {isa = PBXBuildFile; fileRef = 37C8A2FC299B7DAE002E74F5 /* SeaCreaturesDetailsViewModel.swift */; };
		37C8A2FF299B933B002E74F5 /* BugDetailsViewModel.swift in Sources */ = {isa = PBXBuildFile; fileRef = 37C8A2FE299B933B002E74F5 /* BugDetailsViewModel.swift */; };
		37C8A301299B9AC8002E74F5 /* FossilDetailsViewModel.swift in Sources */ = {isa = PBXBuildFile; fileRef = 37C8A300299B9AC8002E74F5 /* FossilDetailsViewModel.swift */; };
		37D197BC296DBC1B00BBB5DF /* UIView+CAGradientLayer.swift in Sources */ = {isa = PBXBuildFile; fileRef = 37D197BB296DBC1B00BBB5DF /* UIView+CAGradientLayer.swift */; };
		37D7D8B1299E4CB600BBA73F /* FishCollectionViewCellViewModel.swift in Sources */ = {isa = PBXBuildFile; fileRef = 37D7D8B0299E4CB600BBA73F /* FishCollectionViewCellViewModel.swift */; };
		37D7D8B3299E4E6000BBA73F /* SeaCreatureCollectionViewCellViewModel.swift in Sources */ = {isa = PBXBuildFile; fileRef = 37D7D8B2299E4E6000BBA73F /* SeaCreatureCollectionViewCellViewModel.swift */; };
		37D7D8B5299E5A7900BBA73F /* BugCollectionViewCellViewModel.swift in Sources */ = {isa = PBXBuildFile; fileRef = 37D7D8B4299E5A7900BBA73F /* BugCollectionViewCellViewModel.swift */; };
		37D7D8B7299E602500BBA73F /* FossilCollectionViewCellViewModel.swift in Sources */ = {isa = PBXBuildFile; fileRef = 37D7D8B6299E602500BBA73F /* FossilCollectionViewCellViewModel.swift */; };
		37D7D8BC299E67B200BBA73F /* FishCollectionViewCellViewModelTests.swift in Sources */ = {isa = PBXBuildFile; fileRef = 37D7D8BB299E67B200BBA73F /* FishCollectionViewCellViewModelTests.swift */; };
		37D7D8BE299E729D00BBA73F /* SeaCreatureCollectionViewCellViewModelTests.swift in Sources */ = {isa = PBXBuildFile; fileRef = 37D7D8BD299E729D00BBA73F /* SeaCreatureCollectionViewCellViewModelTests.swift */; };
		37D7D8C0299E80EF00BBA73F /* BugCollectionViewCellViewModelTests.swift in Sources */ = {isa = PBXBuildFile; fileRef = 37D7D8BF299E80EF00BBA73F /* BugCollectionViewCellViewModelTests.swift */; };
		37DD38DB298137B90013BF3A /* FossilTableViewCell.swift in Sources */ = {isa = PBXBuildFile; fileRef = 37DD38DA298137B90013BF3A /* FossilTableViewCell.swift */; };
		37DD38DD298187440013BF3A /* DashboardTableViewCell.swift in Sources */ = {isa = PBXBuildFile; fileRef = 37DD38DC298187440013BF3A /* DashboardTableViewCell.swift */; };
		37E135AF29B0E77B006C1EDC /* FishDashboardTableViewCellViewModel.swift in Sources */ = {isa = PBXBuildFile; fileRef = 37E135AE29B0E77B006C1EDC /* FishDashboardTableViewCellViewModel.swift */; };
		37E135B129B0EACD006C1EDC /* SeaCreatureDashboardTableViewCellViewModel.swift in Sources */ = {isa = PBXBuildFile; fileRef = 37E135B029B0EACD006C1EDC /* SeaCreatureDashboardTableViewCellViewModel.swift */; };
		37E135B329B0ED83006C1EDC /* BugDashboardTableViewCellViewModel.swift in Sources */ = {isa = PBXBuildFile; fileRef = 37E135B229B0ED83006C1EDC /* BugDashboardTableViewCellViewModel.swift */; };
		37E135B529B0EE53006C1EDC /* FossilDashboardTableViewCellViewModel.swift in Sources */ = {isa = PBXBuildFile; fileRef = 37E135B429B0EE53006C1EDC /* FossilDashboardTableViewCellViewModel.swift */; };
		37E7BA6329C0C1BB00BFF7BE /* ProgressDashboardViewModel.swift in Sources */ = {isa = PBXBuildFile; fileRef = 37E7BA6229C0C1BB00BFF7BE /* ProgressDashboardViewModel.swift */; };
		37E7BA6529C0C39E00BFF7BE /* Creatures.swift in Sources */ = {isa = PBXBuildFile; fileRef = 37E7BA6429C0C39E00BFF7BE /* Creatures.swift */; };
		37F18BDF299F976C00FD4628 /* FossilCollectionViewCellViewModelTests.swift in Sources */ = {isa = PBXBuildFile; fileRef = 37F18BDE299F976C00FD4628 /* FossilCollectionViewCellViewModelTests.swift */; };
		37F9B4FE298AB14C007DEB5E /* SeaCreatureDetailsTableViewCellViewModelTests.swift in Sources */ = {isa = PBXBuildFile; fileRef = 37F9B4FD298AB14C007DEB5E /* SeaCreatureDetailsTableViewCellViewModelTests.swift */; };
		37F9B500298AB436007DEB5E /* BugDetailsTableViewCellViewModelTests.swift in Sources */ = {isa = PBXBuildFile; fileRef = 37F9B4FF298AB436007DEB5E /* BugDetailsTableViewCellViewModelTests.swift */; };
		37F9B502298AB701007DEB5E /* FossilDetailsTableViewCellViewModelTests.swift in Sources */ = {isa = PBXBuildFile; fileRef = 37F9B501298AB701007DEB5E /* FossilDetailsTableViewCellViewModelTests.swift */; };
/* End PBXBuildFile section */

/* Begin PBXContainerItemProxy section */
		37A29F7B297842E100E043F0 /* PBXContainerItemProxy */ = {
			isa = PBXContainerItemProxy;
			containerPortal = 37A7135229681A6F0075BF25 /* Project object */;
			proxyType = 1;
			remoteGlobalIDString = 37A7135929681A6F0075BF25;
			remoteInfo = ACNHGuide;
		};
/* End PBXContainerItemProxy section */

/* Begin PBXFileReference section */
		3700B87329718E9F005D975D /* FishDetailsTableViewCell.swift */ = {isa = PBXFileReference; lastKnownFileType = sourcecode.swift; path = FishDetailsTableViewCell.swift; sourceTree = "<group>"; };
		3700B87529719652005D975D /* BugDetailsTableViewCell.swift */ = {isa = PBXFileReference; lastKnownFileType = sourcecode.swift; path = BugDetailsTableViewCell.swift; sourceTree = "<group>"; };
		3702B449296EAEE1008AB36D /* SeaCreatureDetailsViewController.swift */ = {isa = PBXFileReference; lastKnownFileType = sourcecode.swift; path = SeaCreatureDetailsViewController.swift; sourceTree = "<group>"; };
		3702B44B296EB622008AB36D /* SeaCreatureDetailsTableViewCell.swift */ = {isa = PBXFileReference; lastKnownFileType = sourcecode.swift; path = SeaCreatureDetailsTableViewCell.swift; sourceTree = "<group>"; };
		3702B44D296EE223008AB36D /* FinkHeavy.ttf */ = {isa = PBXFileReference; lastKnownFileType = file; path = FinkHeavy.ttf; sourceTree = "<group>"; };
		3702B451296EFD68008AB36D /* FishViewModel.swift */ = {isa = PBXFileReference; lastKnownFileType = sourcecode.swift; path = FishViewModel.swift; sourceTree = "<group>"; };
		3702B453296EFE40008AB36D /* CreatureCollectionReusableView.swift */ = {isa = PBXFileReference; lastKnownFileType = sourcecode.swift; path = CreatureCollectionReusableView.swift; sourceTree = "<group>"; };
		3702B455296EFF67008AB36D /* FishCollectionViewCell.swift */ = {isa = PBXFileReference; lastKnownFileType = sourcecode.swift; path = FishCollectionViewCell.swift; sourceTree = "<group>"; };
		3702B458296F01F2008AB36D /* FishDetailsViewController.swift */ = {isa = PBXFileReference; lastKnownFileType = sourcecode.swift; path = FishDetailsViewController.swift; sourceTree = "<group>"; };
		3702B45A296F02F7008AB36D /* BugViewModel.swift */ = {isa = PBXFileReference; lastKnownFileType = sourcecode.swift; path = BugViewModel.swift; sourceTree = "<group>"; };
		3702B45F296F07BE008AB36D /* BugCollectionViewCell.swift */ = {isa = PBXFileReference; lastKnownFileType = sourcecode.swift; path = BugCollectionViewCell.swift; sourceTree = "<group>"; };
		3702B461296F09BB008AB36D /* BugDetailsViewController.swift */ = {isa = PBXFileReference; lastKnownFileType = sourcecode.swift; path = BugDetailsViewController.swift; sourceTree = "<group>"; };
		3702B463296F0C4B008AB36D /* FossilViewModel.swift */ = {isa = PBXFileReference; lastKnownFileType = sourcecode.swift; path = FossilViewModel.swift; sourceTree = "<group>"; };
		3702B465296F0CDF008AB36D /* FossilCollectionViewCell.swift */ = {isa = PBXFileReference; lastKnownFileType = sourcecode.swift; path = FossilCollectionViewCell.swift; sourceTree = "<group>"; };
		3702B46C296F1010008AB36D /* FossilDetailsViewController.swift */ = {isa = PBXFileReference; lastKnownFileType = sourcecode.swift; path = FossilDetailsViewController.swift; sourceTree = "<group>"; };
		370385D42979369A002CC431 /* SeaCreatures.json */ = {isa = PBXFileReference; lastKnownFileType = text.json; path = SeaCreatures.json; sourceTree = "<group>"; };
		370385DA2979370C002CC431 /* Fossils.json */ = {isa = PBXFileReference; lastKnownFileType = text.json; path = Fossils.json; sourceTree = "<group>"; };
		370385DD29793738002CC431 /* SeaCreaturesMapping.swift */ = {isa = PBXFileReference; lastKnownFileType = sourcecode.swift; path = SeaCreaturesMapping.swift; sourceTree = "<group>"; };
		370385DF297937CF002CC431 /* BugsMapping.swift */ = {isa = PBXFileReference; lastKnownFileType = sourcecode.swift; path = BugsMapping.swift; sourceTree = "<group>"; };
		370385E32979389E002CC431 /* Base */ = {isa = PBXFileReference; lastKnownFileType = text.json; name = Base; path = Base.lproj/Bugs.json; sourceTree = "<group>"; };
		370385E529793CC9002CC431 /* FishViewModelTests.swift */ = {isa = PBXFileReference; lastKnownFileType = sourcecode.swift; path = FishViewModelTests.swift; sourceTree = "<group>"; };
		370385E829793D65002CC431 /* CurrentCalendarMock.swift */ = {isa = PBXFileReference; lastKnownFileType = sourcecode.swift; path = CurrentCalendarMock.swift; sourceTree = "<group>"; };
		370385EA29793D75002CC431 /* ServiceMock.swift */ = {isa = PBXFileReference; lastKnownFileType = sourcecode.swift; path = ServiceMock.swift; sourceTree = "<group>"; };
		370385EC29793E31002CC431 /* DispatchQueueMock.swift */ = {isa = PBXFileReference; lastKnownFileType = sourcecode.swift; path = DispatchQueueMock.swift; sourceTree = "<group>"; };
		370385EE29793F5F002CC431 /* SeaCreatureViewModelTests.swift */ = {isa = PBXFileReference; lastKnownFileType = sourcecode.swift; path = SeaCreatureViewModelTests.swift; sourceTree = "<group>"; };
		370385F02979411D002CC431 /* BugViewModelTests.swift */ = {isa = PBXFileReference; lastKnownFileType = sourcecode.swift; path = BugViewModelTests.swift; sourceTree = "<group>"; };
		370385F22979423F002CC431 /* FossilsMapping.swift */ = {isa = PBXFileReference; lastKnownFileType = sourcecode.swift; path = FossilsMapping.swift; sourceTree = "<group>"; };
		370385F4297942DF002CC431 /* Constant.swift */ = {isa = PBXFileReference; lastKnownFileType = sourcecode.swift; path = Constant.swift; sourceTree = "<group>"; };
		370385F629794487002CC431 /* FossilViewModelTests.swift */ = {isa = PBXFileReference; lastKnownFileType = sourcecode.swift; path = FossilViewModelTests.swift; sourceTree = "<group>"; };
		3703860229799102002CC431 /* ErrorView.swift */ = {isa = PBXFileReference; lastKnownFileType = sourcecode.swift; path = ErrorView.swift; sourceTree = "<group>"; };
		370492112980274300B58CC7 /* ProgressDashboardViewController.swift */ = {isa = PBXFileReference; lastKnownFileType = sourcecode.swift; path = ProgressDashboardViewController.swift; sourceTree = "<group>"; };
		371256A0298BF31800507D2D /* en */ = {isa = PBXFileReference; lastKnownFileType = text.plist.strings; name = en; path = en.lproj/Localizable.strings; sourceTree = "<group>"; };
		37137584296C58F500F39C83 /* ImageView.swift */ = {isa = PBXFileReference; lastKnownFileType = sourcecode.swift; path = ImageView.swift; sourceTree = "<group>"; };
		37137586296C67F600F39C83 /* String.swift */ = {isa = PBXFileReference; lastKnownFileType = sourcecode.swift; path = String.swift; sourceTree = "<group>"; };
		372AF6C029BA232800821E87 /* GoogleService-Info.plist */ = {isa = PBXFileReference; fileEncoding = 4; lastKnownFileType = text.plist.xml; path = "GoogleService-Info.plist"; sourceTree = "<group>"; };
		373D5A9129A5167D00EC29C8 /* Protocols.swift */ = {isa = PBXFileReference; lastKnownFileType = sourcecode.swift; path = Protocols.swift; sourceTree = "<group>"; };
		373F034729D1ABCC0058949B /* ACNHFishServiceTests.swift */ = {isa = PBXFileReference; lastKnownFileType = sourcecode.swift; path = ACNHFishServiceTests.swift; sourceTree = "<group>"; };
		373F034929D1E7280058949B /* ACNHSeaCreatureServiceTests.swift */ = {isa = PBXFileReference; lastKnownFileType = sourcecode.swift; path = ACNHSeaCreatureServiceTests.swift; sourceTree = "<group>"; };
		373F034B29D1FC6F0058949B /* ACNHBugServiceTests.swift */ = {isa = PBXFileReference; lastKnownFileType = sourcecode.swift; path = ACNHBugServiceTests.swift; sourceTree = "<group>"; };
		373F034D29D1FFCA0058949B /* ACNHFossilServiceTests.swift */ = {isa = PBXFileReference; lastKnownFileType = sourcecode.swift; path = ACNHFossilServiceTests.swift; sourceTree = "<group>"; };
		37563CF129911C1D00739397 /* FishDetailsViewModel.swift */ = {isa = PBXFileReference; lastKnownFileType = sourcecode.swift; path = FishDetailsViewModel.swift; sourceTree = "<group>"; };
		375B9D2A2987D37C00E5B36D /* CreatureManager.swift */ = {isa = PBXFileReference; lastKnownFileType = sourcecode.swift; path = CreatureManager.swift; sourceTree = "<group>"; };
		376035852983E181001498C3 /* FishDetailsTableViewCellViewModel.swift */ = {isa = PBXFileReference; lastKnownFileType = sourcecode.swift; path = FishDetailsTableViewCellViewModel.swift; sourceTree = "<group>"; };
		3765CE55298AA14E009E6CCF /* FishDetailsTableViewCellViewModelTests.swift */ = {isa = PBXFileReference; lastKnownFileType = sourcecode.swift; path = FishDetailsTableViewCellViewModelTests.swift; sourceTree = "<group>"; };
		37671B79299CF93E00453F70 /* Fish.swift */ = {isa = PBXFileReference; lastKnownFileType = sourcecode.swift; path = Fish.swift; sourceTree = "<group>"; };
		37671B81299D26C300453F70 /* SeaCreature.swift */ = {isa = PBXFileReference; lastKnownFileType = sourcecode.swift; path = SeaCreature.swift; sourceTree = "<group>"; };
		37671B83299D26F900453F70 /* Bug.swift */ = {isa = PBXFileReference; lastKnownFileType = sourcecode.swift; path = Bug.swift; sourceTree = "<group>"; };
		37671B85299D272900453F70 /* Fossil.swift */ = {isa = PBXFileReference; lastKnownFileType = sourcecode.swift; path = Fossil.swift; sourceTree = "<group>"; };
		377252F729AF6D8200F08602 /* CreaturePeekerMock.swift */ = {isa = PBXFileReference; lastKnownFileType = sourcecode.swift; path = CreaturePeekerMock.swift; sourceTree = "<group>"; };
		377252F929AF6EB400F08602 /* CreatureWriterMock.swift */ = {isa = PBXFileReference; lastKnownFileType = sourcecode.swift; path = CreatureWriterMock.swift; sourceTree = "<group>"; };
		377252FB29AF806F00F08602 /* FishService.swift */ = {isa = PBXFileReference; lastKnownFileType = sourcecode.swift; path = FishService.swift; sourceTree = "<group>"; };
		377252FF29AF838B00F08602 /* SeaCreatureService.swift */ = {isa = PBXFileReference; lastKnownFileType = sourcecode.swift; path = SeaCreatureService.swift; sourceTree = "<group>"; };
		3772530129AF839600F08602 /* BugService.swift */ = {isa = PBXFileReference; lastKnownFileType = sourcecode.swift; path = BugService.swift; sourceTree = "<group>"; };
		3772530329AF83A100F08602 /* FossilService.swift */ = {isa = PBXFileReference; lastKnownFileType = sourcecode.swift; path = FossilService.swift; sourceTree = "<group>"; };
		37747C08297EFEB400514352 /* ReloadDataDelegate.swift */ = {isa = PBXFileReference; lastKnownFileType = sourcecode.swift; path = ReloadDataDelegate.swift; sourceTree = "<group>"; };
		377AA84B29B1F16D002104D1 /* FishDashboardTableViewCellViewModelTests.swift */ = {isa = PBXFileReference; lastKnownFileType = sourcecode.swift; path = FishDashboardTableViewCellViewModelTests.swift; sourceTree = "<group>"; };
		377AA84D29B1F8C7002104D1 /* SeaCreatureDashboardTableViewCellViewModelTests.swift */ = {isa = PBXFileReference; lastKnownFileType = sourcecode.swift; path = SeaCreatureDashboardTableViewCellViewModelTests.swift; sourceTree = "<group>"; };
		377AA84F29B1F8D6002104D1 /* BugDashboardTableViewCellViewModelTests.swift */ = {isa = PBXFileReference; lastKnownFileType = sourcecode.swift; path = BugDashboardTableViewCellViewModelTests.swift; sourceTree = "<group>"; };
		377AA85129B1F8E7002104D1 /* FossilDashboardTableViewCellViewModelTests.swift */ = {isa = PBXFileReference; lastKnownFileType = sourcecode.swift; path = FossilDashboardTableViewCellViewModelTests.swift; sourceTree = "<group>"; };
		377AA85329B1FE5E002104D1 /* FishDetailsViewModelTests.swift */ = {isa = PBXFileReference; lastKnownFileType = sourcecode.swift; path = FishDetailsViewModelTests.swift; sourceTree = "<group>"; };
		377AA85529B20786002104D1 /* SeaCreaturesDetailsViewModelTests.swift */ = {isa = PBXFileReference; lastKnownFileType = sourcecode.swift; path = SeaCreaturesDetailsViewModelTests.swift; sourceTree = "<group>"; };
		377AA85729B2081C002104D1 /* BugDetailsViewModelTests.swift */ = {isa = PBXFileReference; lastKnownFileType = sourcecode.swift; path = BugDetailsViewModelTests.swift; sourceTree = "<group>"; };
		377AA85929B208BF002104D1 /* FossilDetailsViewModelTests.swift */ = {isa = PBXFileReference; lastKnownFileType = sourcecode.swift; path = FossilDetailsViewModelTests.swift; sourceTree = "<group>"; };
		377AA85B29B2106B002104D1 /* CreatureManagingMock.swift */ = {isa = PBXFileReference; lastKnownFileType = sourcecode.swift; path = CreatureManagingMock.swift; sourceTree = "<group>"; };
		378D5D6D29C1CC2D004A2D6B /* ACNHGuide.app */ = {isa = PBXFileReference; explicitFileType = wrapper.application; includeInIndex = 0; path = ACNHGuide.app; sourceTree = BUILT_PRODUCTS_DIR; };
		378D5D6E29C1CC2D004A2D6B /* ACNHGuideTests.xctest */ = {isa = PBXFileReference; explicitFileType = wrapper.cfbundle; includeInIndex = 0; path = ACNHGuideTests.xctest; sourceTree = BUILT_PRODUCTS_DIR; };
		378D5D6F29C1DB51004A2D6B /* ProgressDashboardViewModelTests.swift */ = {isa = PBXFileReference; lastKnownFileType = sourcecode.swift; path = ProgressDashboardViewModelTests.swift; sourceTree = "<group>"; };
		378DC60829704F030062107C /* DetailsCollectionViewCell.swift */ = {isa = PBXFileReference; lastKnownFileType = sourcecode.swift; path = DetailsCollectionViewCell.swift; sourceTree = "<group>"; };
		3792FF3729896223005673E9 /* SeaCreaturesDetailsTableViewCellViewModel.swift */ = {isa = PBXFileReference; lastKnownFileType = sourcecode.swift; path = SeaCreaturesDetailsTableViewCellViewModel.swift; sourceTree = "<group>"; };
		3792FF39298967BB005673E9 /* BugDetailsTableViewCellViewModel.swift */ = {isa = PBXFileReference; lastKnownFileType = sourcecode.swift; path = BugDetailsTableViewCellViewModel.swift; sourceTree = "<group>"; };
		3792FF3B29896BF0005673E9 /* FossilDetailsTableViewCellViewModel.swift */ = {isa = PBXFileReference; lastKnownFileType = sourcecode.swift; path = FossilDetailsTableViewCellViewModel.swift; sourceTree = "<group>"; };
		37A29F802978442000E043F0 /* FishesMapping.swift */ = {isa = PBXFileReference; lastKnownFileType = sourcecode.swift; path = FishesMapping.swift; sourceTree = "<group>"; };
		37A29F82297844F300E043F0 /* DecodableBundle.swift */ = {isa = PBXFileReference; lastKnownFileType = sourcecode.swift; path = DecodableBundle.swift; sourceTree = "<group>"; };
		37A7135D29681A6F0075BF25 /* AppDelegate.swift */ = {isa = PBXFileReference; lastKnownFileType = sourcecode.swift; path = AppDelegate.swift; sourceTree = "<group>"; };
		37A7135F29681A6F0075BF25 /* SceneDelegate.swift */ = {isa = PBXFileReference; lastKnownFileType = sourcecode.swift; path = SceneDelegate.swift; sourceTree = "<group>"; };
		37A7136629681A700075BF25 /* Assets.xcassets */ = {isa = PBXFileReference; lastKnownFileType = folder.assetcatalog; path = Assets.xcassets; sourceTree = "<group>"; };
		37A7136929681A700075BF25 /* Base */ = {isa = PBXFileReference; lastKnownFileType = file.storyboard; name = Base; path = Base.lproj/LaunchScreen.storyboard; sourceTree = "<group>"; };
		37A7136B29681A700075BF25 /* Info.plist */ = {isa = PBXFileReference; lastKnownFileType = text.plist.xml; path = Info.plist; sourceTree = "<group>"; };
		37A7137329681DA60075BF25 /* TabBarViewController.swift */ = {isa = PBXFileReference; lastKnownFileType = sourcecode.swift; path = TabBarViewController.swift; sourceTree = "<group>"; };
		37A7137529681F130075BF25 /* SeaCreatureViewController.swift */ = {isa = PBXFileReference; lastKnownFileType = sourcecode.swift; path = SeaCreatureViewController.swift; sourceTree = "<group>"; };
		37A7137729681F1C0075BF25 /* BugViewController.swift */ = {isa = PBXFileReference; lastKnownFileType = sourcecode.swift; path = BugViewController.swift; sourceTree = "<group>"; };
		37A7137929681F2B0075BF25 /* FossilViewController.swift */ = {isa = PBXFileReference; lastKnownFileType = sourcecode.swift; path = FossilViewController.swift; sourceTree = "<group>"; };
		37A7137C29682B9B0075BF25 /* Networker.swift */ = {isa = PBXFileReference; fileEncoding = 4; lastKnownFileType = sourcecode.swift; path = Networker.swift; sourceTree = "<group>"; };
		37A7137D29682B9B0075BF25 /* Networking.swift */ = {isa = PBXFileReference; fileEncoding = 4; lastKnownFileType = sourcecode.swift; path = Networking.swift; sourceTree = "<group>"; };
		37A7137E29682B9B0075BF25 /* Service.swift */ = {isa = PBXFileReference; fileEncoding = 4; lastKnownFileType = sourcecode.swift; path = Service.swift; sourceTree = "<group>"; };
		37A7137F29682B9B0075BF25 /* ACNHService.swift */ = {isa = PBXFileReference; fileEncoding = 4; lastKnownFileType = sourcecode.swift; path = ACNHService.swift; sourceTree = "<group>"; };
		37A7138029682B9B0075BF25 /* NetworkingError.swift */ = {isa = PBXFileReference; fileEncoding = 4; lastKnownFileType = sourcecode.swift; path = NetworkingError.swift; sourceTree = "<group>"; };
		37A7138129682B9B0075BF25 /* DispatchQueueDelegate.swift */ = {isa = PBXFileReference; fileEncoding = 4; lastKnownFileType = sourcecode.swift; path = DispatchQueueDelegate.swift; sourceTree = "<group>"; };
		37A7138929682C940075BF25 /* Name.swift */ = {isa = PBXFileReference; fileEncoding = 4; lastKnownFileType = sourcecode.swift; path = Name.swift; sourceTree = "<group>"; };
		37A7139B29682CF40075BF25 /* BugData.swift */ = {isa = PBXFileReference; fileEncoding = 4; lastKnownFileType = sourcecode.swift; path = BugData.swift; sourceTree = "<group>"; };
		37A7139C29682CF40075BF25 /* BugAvailability.swift */ = {isa = PBXFileReference; fileEncoding = 4; lastKnownFileType = sourcecode.swift; path = BugAvailability.swift; sourceTree = "<group>"; };
		37A7139F29682CFC0075BF25 /* FossilData.swift */ = {isa = PBXFileReference; fileEncoding = 4; lastKnownFileType = sourcecode.swift; path = FossilData.swift; sourceTree = "<group>"; };
		37A713A129682D090075BF25 /* SeaCreatureData.swift */ = {isa = PBXFileReference; fileEncoding = 4; lastKnownFileType = sourcecode.swift; path = SeaCreatureData.swift; sourceTree = "<group>"; };
		37A713A229682D090075BF25 /* SeaAvailability.swift */ = {isa = PBXFileReference; fileEncoding = 4; lastKnownFileType = sourcecode.swift; path = SeaAvailability.swift; sourceTree = "<group>"; };
		37A713AA29682DBB0075BF25 /* FishData.swift */ = {isa = PBXFileReference; fileEncoding = 4; lastKnownFileType = sourcecode.swift; path = FishData.swift; sourceTree = "<group>"; };
		37A713AB29682DBB0075BF25 /* FishAvailability.swift */ = {isa = PBXFileReference; fileEncoding = 4; lastKnownFileType = sourcecode.swift; path = FishAvailability.swift; sourceTree = "<group>"; };
		37ACFB6D29685CDE008B065C /* SeaCreatureViewModel.swift */ = {isa = PBXFileReference; lastKnownFileType = sourcecode.swift; path = SeaCreatureViewModel.swift; sourceTree = "<group>"; };
		37ACFB6F29685DAB008B065C /* FishViewController.swift */ = {isa = PBXFileReference; lastKnownFileType = sourcecode.swift; path = FishViewController.swift; sourceTree = "<group>"; };
		37ACFB7829686A9E008B065C /* SeaCreatureCollectionViewCell.swift */ = {isa = PBXFileReference; lastKnownFileType = sourcecode.swift; path = SeaCreatureCollectionViewCell.swift; sourceTree = "<group>"; };
		37B02E13296D5EEF0084178D /* CalendarDelegate.swift */ = {isa = PBXFileReference; lastKnownFileType = sourcecode.swift; path = CalendarDelegate.swift; sourceTree = "<group>"; };
		37B02E15296D5F820084178D /* CurrentCalendar.swift */ = {isa = PBXFileReference; lastKnownFileType = sourcecode.swift; path = CurrentCalendar.swift; sourceTree = "<group>"; };
		37B252D329CC53AC00EB5B6A /* SeaCreatureServiceTests.swift */ = {isa = PBXFileReference; lastKnownFileType = sourcecode.swift; path = SeaCreatureServiceTests.swift; sourceTree = "<group>"; };
		37B252D529CC53C000EB5B6A /* BugServiceTests.swift */ = {isa = PBXFileReference; lastKnownFileType = sourcecode.swift; path = BugServiceTests.swift; sourceTree = "<group>"; };
		37B252D729CC53D300EB5B6A /* FossilServiceTests.swift */ = {isa = PBXFileReference; lastKnownFileType = sourcecode.swift; path = FossilServiceTests.swift; sourceTree = "<group>"; };
		37BEADB229B77D8F0005F66E /* NetworkingMock.swift */ = {isa = PBXFileReference; lastKnownFileType = sourcecode.swift; path = NetworkingMock.swift; sourceTree = "<group>"; };
		37BEADB529B78E850005F66E /* FishServiceTests.swift */ = {isa = PBXFileReference; lastKnownFileType = sourcecode.swift; path = FishServiceTests.swift; sourceTree = "<group>"; };
		37C4134129785BBE001F6EE0 /* Base */ = {isa = PBXFileReference; lastKnownFileType = text.json; name = Base; path = Base.lproj/Fishes.json; sourceTree = "<group>"; };
		37C8A2FC299B7DAE002E74F5 /* SeaCreaturesDetailsViewModel.swift */ = {isa = PBXFileReference; lastKnownFileType = sourcecode.swift; path = SeaCreaturesDetailsViewModel.swift; sourceTree = "<group>"; };
		37C8A2FE299B933B002E74F5 /* BugDetailsViewModel.swift */ = {isa = PBXFileReference; lastKnownFileType = sourcecode.swift; path = BugDetailsViewModel.swift; sourceTree = "<group>"; };
		37C8A300299B9AC8002E74F5 /* FossilDetailsViewModel.swift */ = {isa = PBXFileReference; lastKnownFileType = sourcecode.swift; path = FossilDetailsViewModel.swift; sourceTree = "<group>"; };
		37D197BB296DBC1B00BBB5DF /* UIView+CAGradientLayer.swift */ = {isa = PBXFileReference; lastKnownFileType = sourcecode.swift; path = "UIView+CAGradientLayer.swift"; sourceTree = "<group>"; };
		37D7D8B0299E4CB600BBA73F /* FishCollectionViewCellViewModel.swift */ = {isa = PBXFileReference; lastKnownFileType = sourcecode.swift; path = FishCollectionViewCellViewModel.swift; sourceTree = "<group>"; };
		37D7D8B2299E4E6000BBA73F /* SeaCreatureCollectionViewCellViewModel.swift */ = {isa = PBXFileReference; lastKnownFileType = sourcecode.swift; path = SeaCreatureCollectionViewCellViewModel.swift; sourceTree = "<group>"; };
		37D7D8B4299E5A7900BBA73F /* BugCollectionViewCellViewModel.swift */ = {isa = PBXFileReference; lastKnownFileType = sourcecode.swift; path = BugCollectionViewCellViewModel.swift; sourceTree = "<group>"; };
		37D7D8B6299E602500BBA73F /* FossilCollectionViewCellViewModel.swift */ = {isa = PBXFileReference; lastKnownFileType = sourcecode.swift; path = FossilCollectionViewCellViewModel.swift; sourceTree = "<group>"; };
		37D7D8BB299E67B200BBA73F /* FishCollectionViewCellViewModelTests.swift */ = {isa = PBXFileReference; lastKnownFileType = sourcecode.swift; path = FishCollectionViewCellViewModelTests.swift; sourceTree = "<group>"; };
		37D7D8BD299E729D00BBA73F /* SeaCreatureCollectionViewCellViewModelTests.swift */ = {isa = PBXFileReference; lastKnownFileType = sourcecode.swift; path = SeaCreatureCollectionViewCellViewModelTests.swift; sourceTree = "<group>"; };
		37D7D8BF299E80EF00BBA73F /* BugCollectionViewCellViewModelTests.swift */ = {isa = PBXFileReference; lastKnownFileType = sourcecode.swift; path = BugCollectionViewCellViewModelTests.swift; sourceTree = "<group>"; };
		37DD38DA298137B90013BF3A /* FossilTableViewCell.swift */ = {isa = PBXFileReference; lastKnownFileType = sourcecode.swift; path = FossilTableViewCell.swift; sourceTree = "<group>"; };
		37DD38DC298187440013BF3A /* DashboardTableViewCell.swift */ = {isa = PBXFileReference; lastKnownFileType = sourcecode.swift; path = DashboardTableViewCell.swift; sourceTree = "<group>"; };
		37E135AE29B0E77B006C1EDC /* FishDashboardTableViewCellViewModel.swift */ = {isa = PBXFileReference; lastKnownFileType = sourcecode.swift; path = FishDashboardTableViewCellViewModel.swift; sourceTree = "<group>"; };
		37E135B029B0EACD006C1EDC /* SeaCreatureDashboardTableViewCellViewModel.swift */ = {isa = PBXFileReference; lastKnownFileType = sourcecode.swift; path = SeaCreatureDashboardTableViewCellViewModel.swift; sourceTree = "<group>"; };
		37E135B229B0ED83006C1EDC /* BugDashboardTableViewCellViewModel.swift */ = {isa = PBXFileReference; lastKnownFileType = sourcecode.swift; path = BugDashboardTableViewCellViewModel.swift; sourceTree = "<group>"; };
		37E135B429B0EE53006C1EDC /* FossilDashboardTableViewCellViewModel.swift */ = {isa = PBXFileReference; lastKnownFileType = sourcecode.swift; path = FossilDashboardTableViewCellViewModel.swift; sourceTree = "<group>"; };
		37E7BA6229C0C1BB00BFF7BE /* ProgressDashboardViewModel.swift */ = {isa = PBXFileReference; fileEncoding = 4; lastKnownFileType = sourcecode.swift; path = ProgressDashboardViewModel.swift; sourceTree = "<group>"; };
		37E7BA6429C0C39E00BFF7BE /* Creatures.swift */ = {isa = PBXFileReference; fileEncoding = 4; lastKnownFileType = sourcecode.swift; path = Creatures.swift; sourceTree = "<group>"; };
		37F18BDE299F976C00FD4628 /* FossilCollectionViewCellViewModelTests.swift */ = {isa = PBXFileReference; lastKnownFileType = sourcecode.swift; path = FossilCollectionViewCellViewModelTests.swift; sourceTree = "<group>"; };
		37F9B4FD298AB14C007DEB5E /* SeaCreatureDetailsTableViewCellViewModelTests.swift */ = {isa = PBXFileReference; lastKnownFileType = sourcecode.swift; path = SeaCreatureDetailsTableViewCellViewModelTests.swift; sourceTree = "<group>"; };
		37F9B4FF298AB436007DEB5E /* BugDetailsTableViewCellViewModelTests.swift */ = {isa = PBXFileReference; lastKnownFileType = sourcecode.swift; path = BugDetailsTableViewCellViewModelTests.swift; sourceTree = "<group>"; };
		37F9B501298AB701007DEB5E /* FossilDetailsTableViewCellViewModelTests.swift */ = {isa = PBXFileReference; lastKnownFileType = sourcecode.swift; path = FossilDetailsTableViewCellViewModelTests.swift; sourceTree = "<group>"; };
/* End PBXFileReference section */

/* Begin PBXFrameworksBuildPhase section */
		37A29F74297842E100E043F0 /* Frameworks */ = {
			isa = PBXFrameworksBuildPhase;
			buildActionMask = 2147483647;
			files = (
				379B3A1329C9F56C008FFD79 /* FirebaseCrashlytics in Frameworks */,
				379B3A1129C9F56C008FFD79 /* FirebaseAnalytics in Frameworks */,
				379B3A1529C9F56C008FFD79 /* FirebasePerformance in Frameworks */,
				3765CE59298AA253009E6CCF /* RealmSwift in Frameworks */,
			);
			runOnlyForDeploymentPostprocessing = 0;
		};
		37A7135729681A6F0075BF25 /* Frameworks */ = {
			isa = PBXFrameworksBuildPhase;
			buildActionMask = 2147483647;
			files = (
				3703860B29799AA3002CC431 /* RealmSwift in Frameworks */,
				379B3A0F29C9F555008FFD79 /* FirebaseCrashlytics in Frameworks */,
				379B3A0D29C9EECA008FFD79 /* FirebasePerformance in Frameworks */,
				379B3A0B29C9EECA008FFD79 /* FirebaseAnalytics in Frameworks */,
			);
			runOnlyForDeploymentPostprocessing = 0;
		};
/* End PBXFrameworksBuildPhase section */

/* Begin PBXGroup section */
		3702B445296EACF2008AB36D /* Main */ = {
			isa = PBXGroup;
			children = (
				37ACFB6D29685CDE008B065C /* SeaCreatureViewModel.swift */,
				37D7D8B2299E4E6000BBA73F /* SeaCreatureCollectionViewCellViewModel.swift */,
				37A7137529681F130075BF25 /* SeaCreatureViewController.swift */,
				37ACFB7829686A9E008B065C /* SeaCreatureCollectionViewCell.swift */,
			);
			path = Main;
			sourceTree = "<group>";
		};
		3702B448296EAE12008AB36D /* Details */ = {
			isa = PBXGroup;
			children = (
				37C8A2FC299B7DAE002E74F5 /* SeaCreaturesDetailsViewModel.swift */,
				3792FF3729896223005673E9 /* SeaCreaturesDetailsTableViewCellViewModel.swift */,
				3702B449296EAEE1008AB36D /* SeaCreatureDetailsViewController.swift */,
				3702B44B296EB622008AB36D /* SeaCreatureDetailsTableViewCell.swift */,
			);
			path = Details;
			sourceTree = "<group>";
		};
		3702B457296F01D8008AB36D /* Details */ = {
			isa = PBXGroup;
			children = (
				37563CF129911C1D00739397 /* FishDetailsViewModel.swift */,
				376035852983E181001498C3 /* FishDetailsTableViewCellViewModel.swift */,
				3702B458296F01F2008AB36D /* FishDetailsViewController.swift */,
				3700B87329718E9F005D975D /* FishDetailsTableViewCell.swift */,
			);
			path = Details;
			sourceTree = "<group>";
		};
		3702B45C296F0521008AB36D /* Main */ = {
			isa = PBXGroup;
			children = (
				3702B451296EFD68008AB36D /* FishViewModel.swift */,
				37D7D8B0299E4CB600BBA73F /* FishCollectionViewCellViewModel.swift */,
				37ACFB6F29685DAB008B065C /* FishViewController.swift */,
				3702B455296EFF67008AB36D /* FishCollectionViewCell.swift */,
			);
			path = Main;
			sourceTree = "<group>";
		};
		3702B45D296F0539008AB36D /* Main */ = {
			isa = PBXGroup;
			children = (
				3702B45A296F02F7008AB36D /* BugViewModel.swift */,
				37D7D8B4299E5A7900BBA73F /* BugCollectionViewCellViewModel.swift */,
				37A7137729681F1C0075BF25 /* BugViewController.swift */,
				3702B45F296F07BE008AB36D /* BugCollectionViewCell.swift */,
			);
			path = Main;
			sourceTree = "<group>";
		};
		3702B45E296F053F008AB36D /* Details */ = {
			isa = PBXGroup;
			children = (
				37C8A2FE299B933B002E74F5 /* BugDetailsViewModel.swift */,
				3792FF39298967BB005673E9 /* BugDetailsTableViewCellViewModel.swift */,
				3702B461296F09BB008AB36D /* BugDetailsViewController.swift */,
				3700B87529719652005D975D /* BugDetailsTableViewCell.swift */,
			);
			path = Details;
			sourceTree = "<group>";
		};
		3702B469296F0FD9008AB36D /* Main */ = {
			isa = PBXGroup;
			children = (
				3702B463296F0C4B008AB36D /* FossilViewModel.swift */,
				37D7D8B6299E602500BBA73F /* FossilCollectionViewCellViewModel.swift */,
				37A7137929681F2B0075BF25 /* FossilViewController.swift */,
				3702B465296F0CDF008AB36D /* FossilCollectionViewCell.swift */,
			);
			path = Main;
			sourceTree = "<group>";
		};
		3702B46A296F0FEE008AB36D /* Details */ = {
			isa = PBXGroup;
			children = (
				37C8A300299B9AC8002E74F5 /* FossilDetailsViewModel.swift */,
				3792FF3B29896BF0005673E9 /* FossilDetailsTableViewCellViewModel.swift */,
				3702B46C296F1010008AB36D /* FossilDetailsViewController.swift */,
				37DD38DA298137B90013BF3A /* FossilTableViewCell.swift */,
			);
			path = Details;
			sourceTree = "<group>";
		};
		370385D129793607002CC431 /* SeaCreature */ = {
			isa = PBXGroup;
			children = (
				370385EE29793F5F002CC431 /* SeaCreatureViewModelTests.swift */,
				37D7D8BD299E729D00BBA73F /* SeaCreatureCollectionViewCellViewModelTests.swift */,
				377AA85529B20786002104D1 /* SeaCreaturesDetailsViewModelTests.swift */,
				37F9B4FD298AB14C007DEB5E /* SeaCreatureDetailsTableViewCellViewModelTests.swift */,
				370385DD29793738002CC431 /* SeaCreaturesMapping.swift */,
				373F034929D1E7280058949B /* ACNHSeaCreatureServiceTests.swift */,
				370385D42979369A002CC431 /* SeaCreatures.json */,
			);
			path = SeaCreature;
			sourceTree = "<group>";
		};
		370385D229793610002CC431 /* Bug */ = {
			isa = PBXGroup;
			children = (
				370385F02979411D002CC431 /* BugViewModelTests.swift */,
				37D7D8BF299E80EF00BBA73F /* BugCollectionViewCellViewModelTests.swift */,
				377AA85729B2081C002104D1 /* BugDetailsViewModelTests.swift */,
				37F9B4FF298AB436007DEB5E /* BugDetailsTableViewCellViewModelTests.swift */,
				370385DF297937CF002CC431 /* BugsMapping.swift */,
				373F034B29D1FC6F0058949B /* ACNHBugServiceTests.swift */,
				370385E42979389E002CC431 /* Bugs.json */,
			);
			path = Bug;
			sourceTree = "<group>";
		};
		370385D329793639002CC431 /* Fossil */ = {
			isa = PBXGroup;
			children = (
				370385F629794487002CC431 /* FossilViewModelTests.swift */,
				37F18BDE299F976C00FD4628 /* FossilCollectionViewCellViewModelTests.swift */,
				377AA85929B208BF002104D1 /* FossilDetailsViewModelTests.swift */,
				37F9B501298AB701007DEB5E /* FossilDetailsTableViewCellViewModelTests.swift */,
				370385F22979423F002CC431 /* FossilsMapping.swift */,
				373F034D29D1FFCA0058949B /* ACNHFossilServiceTests.swift */,
				370385DA2979370C002CC431 /* Fossils.json */,
			);
			path = Fossil;
			sourceTree = "<group>";
		};
		370385E729793D51002CC431 /* Mock */ = {
			isa = PBXGroup;
			children = (
				37BEADB229B77D8F0005F66E /* NetworkingMock.swift */,
				370385EA29793D75002CC431 /* ServiceMock.swift */,
				370385E829793D65002CC431 /* CurrentCalendarMock.swift */,
				370385EC29793E31002CC431 /* DispatchQueueMock.swift */,
				377AA85B29B2106B002104D1 /* CreatureManagingMock.swift */,
				377252F729AF6D8200F08602 /* CreaturePeekerMock.swift */,
				377252F929AF6EB400F08602 /* CreatureWriterMock.swift */,
			);
			path = Mock;
			sourceTree = "<group>";
		};
		3704920E297FF6E200B58CC7 /* Delegate */ = {
			isa = PBXGroup;
			children = (
				37A7138129682B9B0075BF25 /* DispatchQueueDelegate.swift */,
				37B02E13296D5EEF0084178D /* CalendarDelegate.swift */,
				37747C08297EFEB400514352 /* ReloadDataDelegate.swift */,
			);
			path = Delegate;
			sourceTree = "<group>";
		};
		37137583296C58C800F39C83 /* Extension */ = {
			isa = PBXGroup;
			children = (
				37137584296C58F500F39C83 /* ImageView.swift */,
				37137586296C67F600F39C83 /* String.swift */,
				37D197BB296DBC1B00BBB5DF /* UIView+CAGradientLayer.swift */,
				37A29F82297844F300E043F0 /* DecodableBundle.swift */,
			);
			path = Extension;
			sourceTree = "<group>";
		};
		374732C62976A832005363BE /* CreatureDatabase */ = {
			isa = PBXGroup;
			children = (
				373D5A9129A5167D00EC29C8 /* Protocols.swift */,
				375B9D2A2987D37C00E5B36D /* CreatureManager.swift */,
				37671B78299CF8CA00453F70 /* Object */,
				377252FD29AF836300F08602 /* Service */,
			);
			path = CreatureDatabase;
			sourceTree = "<group>";
		};
		37671B78299CF8CA00453F70 /* Object */ = {
			isa = PBXGroup;
			children = (
				37671B79299CF93E00453F70 /* Fish.swift */,
				37671B81299D26C300453F70 /* SeaCreature.swift */,
				37671B83299D26F900453F70 /* Bug.swift */,
				37671B85299D272900453F70 /* Fossil.swift */,
			);
			path = Object;
			sourceTree = "<group>";
		};
		377252FD29AF836300F08602 /* Service */ = {
			isa = PBXGroup;
			children = (
				377252FB29AF806F00F08602 /* FishService.swift */,
				377252FF29AF838B00F08602 /* SeaCreatureService.swift */,
				3772530129AF839600F08602 /* BugService.swift */,
				3772530329AF83A100F08602 /* FossilService.swift */,
			);
			path = Service;
			sourceTree = "<group>";
		};
		377AA85F29B22688002104D1 /* CreatureDatabase */ = {
			isa = PBXGroup;
			children = (
				37BEADB529B78E850005F66E /* FishServiceTests.swift */,
				37B252D329CC53AC00EB5B6A /* SeaCreatureServiceTests.swift */,
				37B252D529CC53C000EB5B6A /* BugServiceTests.swift */,
				37B252D729CC53D300EB5B6A /* FossilServiceTests.swift */,
			);
			path = CreatureDatabase;
			sourceTree = "<group>";
		};
		378DC5FF297026000062107C /* Progress */ = {
			isa = PBXGroup;
			children = (
				37E7BA6429C0C39E00BFF7BE /* Creatures.swift */,
				37E7BA6229C0C1BB00BFF7BE /* ProgressDashboardViewModel.swift */,
				37E135AE29B0E77B006C1EDC /* FishDashboardTableViewCellViewModel.swift */,
				37E135B029B0EACD006C1EDC /* SeaCreatureDashboardTableViewCellViewModel.swift */,
				37E135B229B0ED83006C1EDC /* BugDashboardTableViewCellViewModel.swift */,
				37E135B429B0EE53006C1EDC /* FossilDashboardTableViewCellViewModel.swift */,
				370492112980274300B58CC7 /* ProgressDashboardViewController.swift */,
				37DD38DC298187440013BF3A /* DashboardTableViewCell.swift */,
			);
			path = Progress;
			sourceTree = "<group>";
		};
		37A29F78297842E100E043F0 /* ACNHGuideTests */ = {
			isa = PBXGroup;
			children = (
				370385F4297942DF002CC431 /* Constant.swift */,
				370385E729793D51002CC431 /* Mock */,
				377AA85F29B22688002104D1 /* CreatureDatabase */,
				37A29F842978460E00E043F0 /* Fish */,
				370385D129793607002CC431 /* SeaCreature */,
				370385D229793610002CC431 /* Bug */,
				370385D329793639002CC431 /* Fossil */,
				37F18BE0299F991500FD4628 /* Progress */,
			);
			path = ACNHGuideTests;
			sourceTree = "<group>";
		};
		37A29F842978460E00E043F0 /* Fish */ = {
			isa = PBXGroup;
			children = (
				370385E529793CC9002CC431 /* FishViewModelTests.swift */,
				37D7D8BB299E67B200BBA73F /* FishCollectionViewCellViewModelTests.swift */,
				377AA85329B1FE5E002104D1 /* FishDetailsViewModelTests.swift */,
				3765CE55298AA14E009E6CCF /* FishDetailsTableViewCellViewModelTests.swift */,
				37A29F802978442000E043F0 /* FishesMapping.swift */,
				373F034729D1ABCC0058949B /* ACNHFishServiceTests.swift */,
				37C4134229785BBE001F6EE0 /* Fishes.json */,
			);
			path = Fish;
			sourceTree = "<group>";
		};
		37A7135129681A6F0075BF25 = {
			isa = PBXGroup;
			children = (
				37A7135C29681A6F0075BF25 /* ACNHGuide */,
				37A29F78297842E100E043F0 /* ACNHGuideTests */,
				37E7BA5F29C0BEAD00BFF7BE /* Frameworks */,
				378D5D6D29C1CC2D004A2D6B /* ACNHGuide.app */,
				378D5D6E29C1CC2D004A2D6B /* ACNHGuideTests.xctest */,
			);
			sourceTree = "<group>";
		};
		37A7135C29681A6F0075BF25 /* ACNHGuide */ = {
			isa = PBXGroup;
			children = (
				37A7136B29681A700075BF25 /* Info.plist */,
				372AF6C029BA232800821E87 /* GoogleService-Info.plist */,
				37A7137229681B130075BF25 /* Ressources */,
				37137583296C58C800F39C83 /* Extension */,
				374732C62976A832005363BE /* CreatureDatabase */,
				37A7138829682BCD0075BF25 /* ACNHData */,
				37A7137B29682B130075BF25 /* Networking */,
				3704920E297FF6E200B58CC7 /* Delegate */,
				37D7D8B8299E66F900BBA73F /* CommonFile */,
				37ACFB712968646E008B065C /* Fish */,
				37ACFB7229686477008B065C /* SeaCreature */,
				37ACFB732968648E008B065C /* Bug */,
				37ACFB7429686493008B065C /* Fossil */,
				378DC5FF297026000062107C /* Progress */,
			);
			path = ACNHGuide;
			sourceTree = "<group>";
		};
		37A7137229681B130075BF25 /* Ressources */ = {
			isa = PBXGroup;
			children = (
				37A7135D29681A6F0075BF25 /* AppDelegate.swift */,
				37A7135F29681A6F0075BF25 /* SceneDelegate.swift */,
				37A7136829681A700075BF25 /* LaunchScreen.storyboard */,
				37A7136629681A700075BF25 /* Assets.xcassets */,
				3702B44D296EE223008AB36D /* FinkHeavy.ttf */,
				371256A1298BF31800507D2D /* Localizable.strings */,
			);
			path = Ressources;
			sourceTree = "<group>";
		};
		37A7137B29682B130075BF25 /* Networking */ = {
			isa = PBXGroup;
			children = (
				37A7137E29682B9B0075BF25 /* Service.swift */,
				37A7137F29682B9B0075BF25 /* ACNHService.swift */,
				37A7137D29682B9B0075BF25 /* Networking.swift */,
				37A7137C29682B9B0075BF25 /* Networker.swift */,
				37A7138029682B9B0075BF25 /* NetworkingError.swift */,
			);
			path = Networking;
			sourceTree = "<group>";
		};
		37A7138829682BCD0075BF25 /* ACNHData */ = {
			isa = PBXGroup;
			children = (
				37A713A529682D7A0075BF25 /* FishData */,
				37A7139A29682CE60075BF25 /* SeaCreatureData */,
				37A7139829682CE10075BF25 /* BugData */,
				37A7139929682CE30075BF25 /* FossilData */,
				37A7138929682C940075BF25 /* Name.swift */,
			);
			path = ACNHData;
			sourceTree = "<group>";
		};
		37A7139829682CE10075BF25 /* BugData */ = {
			isa = PBXGroup;
			children = (
				37A7139C29682CF40075BF25 /* BugAvailability.swift */,
				37A7139B29682CF40075BF25 /* BugData.swift */,
			);
			path = BugData;
			sourceTree = "<group>";
		};
		37A7139929682CE30075BF25 /* FossilData */ = {
			isa = PBXGroup;
			children = (
				37A7139F29682CFC0075BF25 /* FossilData.swift */,
			);
			path = FossilData;
			sourceTree = "<group>";
		};
		37A7139A29682CE60075BF25 /* SeaCreatureData */ = {
			isa = PBXGroup;
			children = (
				37A713A229682D090075BF25 /* SeaAvailability.swift */,
				37A713A129682D090075BF25 /* SeaCreatureData.swift */,
			);
			path = SeaCreatureData;
			sourceTree = "<group>";
		};
		37A713A529682D7A0075BF25 /* FishData */ = {
			isa = PBXGroup;
			children = (
				37A713AB29682DBB0075BF25 /* FishAvailability.swift */,
				37A713AA29682DBB0075BF25 /* FishData.swift */,
			);
			path = FishData;
			sourceTree = "<group>";
		};
		37ACFB712968646E008B065C /* Fish */ = {
			isa = PBXGroup;
			children = (
				3702B45C296F0521008AB36D /* Main */,
				3702B457296F01D8008AB36D /* Details */,
			);
			path = Fish;
			sourceTree = "<group>";
		};
		37ACFB7229686477008B065C /* SeaCreature */ = {
			isa = PBXGroup;
			children = (
				3702B445296EACF2008AB36D /* Main */,
				3702B448296EAE12008AB36D /* Details */,
			);
			path = SeaCreature;
			sourceTree = "<group>";
		};
		37ACFB732968648E008B065C /* Bug */ = {
			isa = PBXGroup;
			children = (
				3702B45D296F0539008AB36D /* Main */,
				3702B45E296F053F008AB36D /* Details */,
			);
			path = Bug;
			sourceTree = "<group>";
		};
		37ACFB7429686493008B065C /* Fossil */ = {
			isa = PBXGroup;
			children = (
				3702B469296F0FD9008AB36D /* Main */,
				3702B46A296F0FEE008AB36D /* Details */,
			);
			path = Fossil;
			sourceTree = "<group>";
		};
		37D7D8B8299E66F900BBA73F /* CommonFile */ = {
			isa = PBXGroup;
			children = (
				37B02E15296D5F820084178D /* CurrentCalendar.swift */,
				37A7137329681DA60075BF25 /* TabBarViewController.swift */,
				3703860229799102002CC431 /* ErrorView.swift */,
				3702B453296EFE40008AB36D /* CreatureCollectionReusableView.swift */,
				378DC60829704F030062107C /* DetailsCollectionViewCell.swift */,
			);
			path = CommonFile;
			sourceTree = "<group>";
		};
		37E7BA5F29C0BEAD00BFF7BE /* Frameworks */ = {
			isa = PBXGroup;
			children = (
			);
			name = Frameworks;
			sourceTree = "<group>";
		};
		37F18BE0299F991500FD4628 /* Progress */ = {
			isa = PBXGroup;
			children = (
				378D5D6F29C1DB51004A2D6B /* ProgressDashboardViewModelTests.swift */,
				377AA84B29B1F16D002104D1 /* FishDashboardTableViewCellViewModelTests.swift */,
				377AA84D29B1F8C7002104D1 /* SeaCreatureDashboardTableViewCellViewModelTests.swift */,
				377AA84F29B1F8D6002104D1 /* BugDashboardTableViewCellViewModelTests.swift */,
				377AA85129B1F8E7002104D1 /* FossilDashboardTableViewCellViewModelTests.swift */,
			);
			path = Progress;
			sourceTree = "<group>";
		};
/* End PBXGroup section */

/* Begin PBXNativeTarget section */
		37A29F76297842E100E043F0 /* ACNHGuideTests */ = {
			isa = PBXNativeTarget;
			buildConfigurationList = 37A29F7D297842E100E043F0 /* Build configuration list for PBXNativeTarget "ACNHGuideTests" */;
			buildPhases = (
				37A29F73297842E100E043F0 /* Sources */,
				37A29F74297842E100E043F0 /* Frameworks */,
				37A29F75297842E100E043F0 /* Resources */,
			);
			buildRules = (
			);
			dependencies = (
				37A29F7C297842E100E043F0 /* PBXTargetDependency */,
			);
			name = ACNHGuideTests;
			packageProductDependencies = (
				3765CE58298AA253009E6CCF /* RealmSwift */,
				379B3A1029C9F56C008FFD79 /* FirebaseAnalytics */,
				379B3A1229C9F56C008FFD79 /* FirebaseCrashlytics */,
				379B3A1429C9F56C008FFD79 /* FirebasePerformance */,
			);
			productName = ACNHGuideTests;
			productReference = 378D5D6E29C1CC2D004A2D6B /* ACNHGuideTests.xctest */;
			productType = "com.apple.product-type.bundle.unit-test";
		};
		37A7135929681A6F0075BF25 /* ACNHGuide */ = {
			isa = PBXNativeTarget;
			buildConfigurationList = 37A7136E29681A700075BF25 /* Build configuration list for PBXNativeTarget "ACNHGuide" */;
			buildPhases = (
				37A7135629681A6F0075BF25 /* Sources */,
				37A7135729681A6F0075BF25 /* Frameworks */,
				37A7135829681A6F0075BF25 /* Resources */,
				37B6E4B829BB3FD500594C23 /* ShellScript */,
			);
			buildRules = (
			);
			dependencies = (
			);
			name = ACNHGuide;
			packageProductDependencies = (
				3703860A29799AA3002CC431 /* RealmSwift */,
				379B3A0A29C9EECA008FFD79 /* FirebaseAnalytics */,
				379B3A0C29C9EECA008FFD79 /* FirebasePerformance */,
				379B3A0E29C9F555008FFD79 /* FirebaseCrashlytics */,
			);
			productName = ACNHGuide;
			productReference = 378D5D6D29C1CC2D004A2D6B /* ACNHGuide.app */;
			productType = "com.apple.product-type.application";
		};
/* End PBXNativeTarget section */

/* Begin PBXProject section */
		37A7135229681A6F0075BF25 /* Project object */ = {
			isa = PBXProject;
			attributes = {
				BuildIndependentTargetsInParallel = 1;
				LastSwiftUpdateCheck = 1420;
				LastUpgradeCheck = 1420;
				TargetAttributes = {
					37A29F76297842E100E043F0 = {
						CreatedOnToolsVersion = 14.2;
						TestTargetID = 37A7135929681A6F0075BF25;
					};
					37A7135929681A6F0075BF25 = {
						CreatedOnToolsVersion = 14.2;
					};
				};
			};
			buildConfigurationList = 37A7135529681A6F0075BF25 /* Build configuration list for PBXProject "ACNHGuide" */;
			compatibilityVersion = "Xcode 14.0";
			developmentRegion = en;
			hasScannedForEncodings = 0;
			knownRegions = (
				en,
				Base,
			);
			mainGroup = 37A7135129681A6F0075BF25;
			packageReferences = (
				3703860729799AA3002CC431 /* XCRemoteSwiftPackageReference "realm-swift" */,
				379B3A0929C9EECA008FFD79 /* XCRemoteSwiftPackageReference "firebase-ios-sdk" */,
			);
			productRefGroup = 37A7135129681A6F0075BF25;
			projectDirPath = "";
			projectRoot = "";
			targets = (
				37A7135929681A6F0075BF25 /* ACNHGuide */,
				37A29F76297842E100E043F0 /* ACNHGuideTests */,
			);
		};
/* End PBXProject section */

/* Begin PBXResourcesBuildPhase section */
		37A29F75297842E100E043F0 /* Resources */ = {
			isa = PBXResourcesBuildPhase;
			buildActionMask = 2147483647;
			files = (
				370385E22979389E002CC431 /* Bugs.json in Resources */,
				370385D52979369A002CC431 /* SeaCreatures.json in Resources */,
				37C4134029785BBE001F6EE0 /* Fishes.json in Resources */,
				370385DB2979370C002CC431 /* Fossils.json in Resources */,
			);
			runOnlyForDeploymentPostprocessing = 0;
		};
		37A7135829681A6F0075BF25 /* Resources */ = {
			isa = PBXResourcesBuildPhase;
			buildActionMask = 2147483647;
			files = (
				370385E12979389E002CC431 /* Bugs.json in Resources */,
				372AF6C129BA232800821E87 /* GoogleService-Info.plist in Resources */,
				37A7136A29681A700075BF25 /* LaunchScreen.storyboard in Resources */,
				37C4134329785BDC001F6EE0 /* Fishes.json in Resources */,
				37A7136729681A700075BF25 /* Assets.xcassets in Resources */,
				3702B44E296EE22F008AB36D /* FinkHeavy.ttf in Resources */,
				3712569F298BF31800507D2D /* Localizable.strings in Resources */,
				370385DC29793710002CC431 /* Fossils.json in Resources */,
				370385D6297936CC002CC431 /* SeaCreatures.json in Resources */,
			);
			runOnlyForDeploymentPostprocessing = 0;
		};
/* End PBXResourcesBuildPhase section */

/* Begin PBXShellScriptBuildPhase section */
		37B6E4B829BB3FD500594C23 /* ShellScript */ = {
			isa = PBXShellScriptBuildPhase;
			alwaysOutOfDate = 1;
			buildActionMask = 2147483647;
			files = (
			);
			inputFileListPaths = (
			);
			inputPaths = (
				"${DWARF_DSYM_FOLDER_PATH}/${DWARF_DSYM_FILE_NAME}/Contents/Resources/DWARF/${TARGET_NAME}",
				"$(SRCROOT)/$(BUILT_PRODUCTS_DIR)/$(INFOPLIST_PATH)",
			);
			outputFileListPaths = (
			);
			outputPaths = (
			);
			runOnlyForDeploymentPostprocessing = 0;
			shellPath = /bin/sh;
			shellScript = "\"${BUILD_DIR%/Build/*}/SourcePackages/checkouts/firebase-ios-sdk/Crashlytics/run\"\n";
		};
/* End PBXShellScriptBuildPhase section */

/* Begin PBXSourcesBuildPhase section */
		37A29F73297842E100E043F0 /* Sources */ = {
			isa = PBXSourcesBuildPhase;
			buildActionMask = 2147483647;
			files = (
				370385F32979423F002CC431 /* FossilsMapping.swift in Sources */,
				370385DE29793738002CC431 /* SeaCreaturesMapping.swift in Sources */,
				37D7D8BC299E67B200BBA73F /* FishCollectionViewCellViewModelTests.swift in Sources */,
				37D7D8C0299E80EF00BBA73F /* BugCollectionViewCellViewModelTests.swift in Sources */,
				373F034E29D1FFCA0058949B /* ACNHFossilServiceTests.swift in Sources */,
				377AA85229B1F8E7002104D1 /* FossilDashboardTableViewCellViewModelTests.swift in Sources */,
				37BEADB329B77D8F0005F66E /* NetworkingMock.swift in Sources */,
				37D7D8BE299E729D00BBA73F /* SeaCreatureCollectionViewCellViewModelTests.swift in Sources */,
				377AA84E29B1F8C7002104D1 /* SeaCreatureDashboardTableViewCellViewModelTests.swift in Sources */,
				373F034C29D1FC6F0058949B /* ACNHBugServiceTests.swift in Sources */,
				377AA85429B1FE5E002104D1 /* FishDetailsViewModelTests.swift in Sources */,
				370385ED29793E31002CC431 /* DispatchQueueMock.swift in Sources */,
				37B252D429CC53AC00EB5B6A /* SeaCreatureServiceTests.swift in Sources */,
				370385E0297937CF002CC431 /* BugsMapping.swift in Sources */,
				37F9B4FE298AB14C007DEB5E /* SeaCreatureDetailsTableViewCellViewModelTests.swift in Sources */,
				37A29F812978442000E043F0 /* FishesMapping.swift in Sources */,
				37F18BDF299F976C00FD4628 /* FossilCollectionViewCellViewModelTests.swift in Sources */,
				378D5D7029C1DB51004A2D6B /* ProgressDashboardViewModelTests.swift in Sources */,
				370385E929793D66002CC431 /* CurrentCalendarMock.swift in Sources */,
				370385F12979411D002CC431 /* BugViewModelTests.swift in Sources */,
				37B252D629CC53C000EB5B6A /* BugServiceTests.swift in Sources */,
				3765CE56298AA14E009E6CCF /* FishDetailsTableViewCellViewModelTests.swift in Sources */,
				377AA85029B1F8D6002104D1 /* BugDashboardTableViewCellViewModelTests.swift in Sources */,
				37B252D829CC53D300EB5B6A /* FossilServiceTests.swift in Sources */,
				37F9B502298AB701007DEB5E /* FossilDetailsTableViewCellViewModelTests.swift in Sources */,
				37BEADB629B78E850005F66E /* FishServiceTests.swift in Sources */,
				377252FA29AF6EB400F08602 /* CreatureWriterMock.swift in Sources */,
				373F034829D1ABCC0058949B /* ACNHFishServiceTests.swift in Sources */,
				377252F829AF6D8200F08602 /* CreaturePeekerMock.swift in Sources */,
				377AA85C29B2106B002104D1 /* CreatureManagingMock.swift in Sources */,
				370385E629793CC9002CC431 /* FishViewModelTests.swift in Sources */,
				377AA85629B20786002104D1 /* SeaCreaturesDetailsViewModelTests.swift in Sources */,
				370385F729794487002CC431 /* FossilViewModelTests.swift in Sources */,
				37F9B500298AB436007DEB5E /* BugDetailsTableViewCellViewModelTests.swift in Sources */,
				377AA85A29B208BF002104D1 /* FossilDetailsViewModelTests.swift in Sources */,
				373F034A29D1E7280058949B /* ACNHSeaCreatureServiceTests.swift in Sources */,
				370385EB29793D75002CC431 /* ServiceMock.swift in Sources */,
				370385EF29793F5F002CC431 /* SeaCreatureViewModelTests.swift in Sources */,
				377AA84C29B1F16D002104D1 /* FishDashboardTableViewCellViewModelTests.swift in Sources */,
				377AA85829B2081C002104D1 /* BugDetailsViewModelTests.swift in Sources */,
			);
			runOnlyForDeploymentPostprocessing = 0;
		};
		37A7135629681A6F0075BF25 /* Sources */ = {
			isa = PBXSourcesBuildPhase;
			buildActionMask = 2147483647;
			files = (
				37671B7A299CF93E00453F70 /* Fish.swift in Sources */,
				37A7138329682B9B0075BF25 /* Networking.swift in Sources */,
				37A713AD29682DBB0075BF25 /* FishAvailability.swift in Sources */,
				3702B456296EFF67008AB36D /* FishCollectionViewCell.swift in Sources */,
				37137587296C67F600F39C83 /* String.swift in Sources */,
				3703860329799102002CC431 /* ErrorView.swift in Sources */,
				37A7139D29682CF40075BF25 /* BugData.swift in Sources */,
				3702B452296EFD68008AB36D /* FishViewModel.swift in Sources */,
				377252FC29AF806F00F08602 /* FishService.swift in Sources */,
				37A713AC29682DBB0075BF25 /* FishData.swift in Sources */,
				37B02E16296D5F820084178D /* CurrentCalendar.swift in Sources */,
				3702B46D296F1010008AB36D /* FossilDetailsViewController.swift in Sources */,
				37D7D8B7299E602500BBA73F /* FossilCollectionViewCellViewModel.swift in Sources */,
				3702B466296F0CDF008AB36D /* FossilCollectionViewCell.swift in Sources */,
				37E7BA6329C0C1BB00BFF7BE /* ProgressDashboardViewModel.swift in Sources */,
				37ACFB7929686A9E008B065C /* SeaCreatureCollectionViewCell.swift in Sources */,
				37A7137629681F130075BF25 /* SeaCreatureViewController.swift in Sources */,
				37A7137829681F1C0075BF25 /* BugViewController.swift in Sources */,
				37D7D8B5299E5A7900BBA73F /* BugCollectionViewCellViewModel.swift in Sources */,
				37A7138529682B9B0075BF25 /* ACNHService.swift in Sources */,
				37B02E14296D5EEF0084178D /* CalendarDelegate.swift in Sources */,
				3700B87629719652005D975D /* BugDetailsTableViewCell.swift in Sources */,
				37A7137A29681F2B0075BF25 /* FossilViewController.swift in Sources */,
				37A7138229682B9B0075BF25 /* Networker.swift in Sources */,
				37D197BC296DBC1B00BBB5DF /* UIView+CAGradientLayer.swift in Sources */,
				37A7138429682B9B0075BF25 /* Service.swift in Sources */,
				37A7139E29682CF40075BF25 /* BugAvailability.swift in Sources */,
				37E7BA6529C0C39E00BFF7BE /* Creatures.swift in Sources */,
				37A7137429681DA60075BF25 /* TabBarViewController.swift in Sources */,
				37C8A2FF299B933B002E74F5 /* BugDetailsViewModel.swift in Sources */,
				37A7135E29681A6F0075BF25 /* AppDelegate.swift in Sources */,
				37A713A429682D090075BF25 /* SeaAvailability.swift in Sources */,
				37DD38DB298137B90013BF3A /* FossilTableViewCell.swift in Sources */,
				3792FF3829896223005673E9 /* SeaCreaturesDetailsTableViewCellViewModel.swift in Sources */,
				3792FF3A298967BB005673E9 /* BugDetailsTableViewCellViewModel.swift in Sources */,
				37D7D8B1299E4CB600BBA73F /* FishCollectionViewCellViewModel.swift in Sources */,
				37D7D8B3299E4E6000BBA73F /* SeaCreatureCollectionViewCellViewModel.swift in Sources */,
				37DD38DD298187440013BF3A /* DashboardTableViewCell.swift in Sources */,
				37ACFB6E29685CDE008B065C /* SeaCreatureViewModel.swift in Sources */,
				37A7138629682B9B0075BF25 /* NetworkingError.swift in Sources */,
				3702B44A296EAEE1008AB36D /* SeaCreatureDetailsViewController.swift in Sources */,
				37ACFB7029685DAB008B065C /* FishViewController.swift in Sources */,
				373D5A9229A5167E00EC29C8 /* Protocols.swift in Sources */,
				37A713A029682CFC0075BF25 /* FossilData.swift in Sources */,
				370492122980274300B58CC7 /* ProgressDashboardViewController.swift in Sources */,
				3772530029AF838B00F08602 /* SeaCreatureService.swift in Sources */,
				37A7138729682B9B0075BF25 /* DispatchQueueDelegate.swift in Sources */,
				3702B44C296EB622008AB36D /* SeaCreatureDetailsTableViewCell.swift in Sources */,
				37E135B329B0ED83006C1EDC /* BugDashboardTableViewCellViewModel.swift in Sources */,
				379E8D6E298D0F3000ACEEF5 /* Constant.swift in Sources */,
				3702B464296F0C4B008AB36D /* FossilViewModel.swift in Sources */,
				37E135AF29B0E77B006C1EDC /* FishDashboardTableViewCellViewModel.swift in Sources */,
				37A7138E29682C940075BF25 /* Name.swift in Sources */,
				37671B82299D26C300453F70 /* SeaCreature.swift in Sources */,
				37563CF229911C1D00739397 /* FishDetailsViewModel.swift in Sources */,
				3702B454296EFE40008AB36D /* CreatureCollectionReusableView.swift in Sources */,
				3702B459296F01F2008AB36D /* FishDetailsViewController.swift in Sources */,
				3792FF3C29896BF0005673E9 /* FossilDetailsTableViewCellViewModel.swift in Sources */,
				37671B86299D272900453F70 /* Fossil.swift in Sources */,
				3772530429AF83A100F08602 /* FossilService.swift in Sources */,
				375B9D2B2987D37C00E5B36D /* CreatureManager.swift in Sources */,
				3700B87429718E9F005D975D /* FishDetailsTableViewCell.swift in Sources */,
				37137585296C58F500F39C83 /* ImageView.swift in Sources */,
				37C8A301299B9AC8002E74F5 /* FossilDetailsViewModel.swift in Sources */,
				37A713A329682D090075BF25 /* SeaCreatureData.swift in Sources */,
				37A29F83297844F300E043F0 /* DecodableBundle.swift in Sources */,
				37A7136029681A6F0075BF25 /* SceneDelegate.swift in Sources */,
				37C8A2FD299B7DAE002E74F5 /* SeaCreaturesDetailsViewModel.swift in Sources */,
				37747C09297EFEB400514352 /* ReloadDataDelegate.swift in Sources */,
				37E135B129B0EACD006C1EDC /* SeaCreatureDashboardTableViewCellViewModel.swift in Sources */,
				37671B84299D26F900453F70 /* Bug.swift in Sources */,
				3702B45B296F02F7008AB36D /* BugViewModel.swift in Sources */,
				378DC60929704F030062107C /* DetailsCollectionViewCell.swift in Sources */,
				3702B460296F07BE008AB36D /* BugCollectionViewCell.swift in Sources */,
				376035862983E181001498C3 /* FishDetailsTableViewCellViewModel.swift in Sources */,
				37E135B529B0EE53006C1EDC /* FossilDashboardTableViewCellViewModel.swift in Sources */,
				3772530229AF839600F08602 /* BugService.swift in Sources */,
				3702B462296F09BB008AB36D /* BugDetailsViewController.swift in Sources */,
			);
			runOnlyForDeploymentPostprocessing = 0;
		};
/* End PBXSourcesBuildPhase section */

/* Begin PBXTargetDependency section */
		37A29F7C297842E100E043F0 /* PBXTargetDependency */ = {
			isa = PBXTargetDependency;
			target = 37A7135929681A6F0075BF25 /* ACNHGuide */;
			targetProxy = 37A29F7B297842E100E043F0 /* PBXContainerItemProxy */;
		};
/* End PBXTargetDependency section */

/* Begin PBXVariantGroup section */
		370385E42979389E002CC431 /* Bugs.json */ = {
			isa = PBXVariantGroup;
			children = (
				370385E32979389E002CC431 /* Base */,
			);
			name = Bugs.json;
			sourceTree = "<group>";
		};
		371256A1298BF31800507D2D /* Localizable.strings */ = {
			isa = PBXVariantGroup;
			children = (
				371256A0298BF31800507D2D /* en */,
			);
			name = Localizable.strings;
			sourceTree = "<group>";
		};
		37A7136829681A700075BF25 /* LaunchScreen.storyboard */ = {
			isa = PBXVariantGroup;
			children = (
				37A7136929681A700075BF25 /* Base */,
			);
			name = LaunchScreen.storyboard;
			sourceTree = "<group>";
		};
		37C4134229785BBE001F6EE0 /* Fishes.json */ = {
			isa = PBXVariantGroup;
			children = (
				37C4134129785BBE001F6EE0 /* Base */,
			);
			name = Fishes.json;
			sourceTree = "<group>";
		};
/* End PBXVariantGroup section */

/* Begin XCBuildConfiguration section */
		37A29F7E297842E100E043F0 /* Debug */ = {
			isa = XCBuildConfiguration;
			buildSettings = {
				BUNDLE_LOADER = "$(TEST_HOST)";
				CODE_SIGN_STYLE = Automatic;
				CURRENT_PROJECT_VERSION = 1;
				DEBUG_INFORMATION_FORMAT = "dwarf-with-dsym";
				DEVELOPMENT_TEAM = 78PX5NWF8H;
				GENERATE_INFOPLIST_FILE = YES;
				IPHONEOS_DEPLOYMENT_TARGET = 16.2;
				MARKETING_VERSION = 1.0;
				PRODUCT_BUNDLE_IDENTIFIER = com.PayanMickael.ACNHGuideTests;
				PRODUCT_NAME = "$(TARGET_NAME)";
				SUPPORTED_PLATFORMS = "iphoneos iphonesimulator";
				SUPPORTS_MACCATALYST = NO;
				SUPPORTS_MAC_DESIGNED_FOR_IPHONE_IPAD = YES;
				SWIFT_EMIT_LOC_STRINGS = NO;
				SWIFT_VERSION = 5.0;
				TARGETED_DEVICE_FAMILY = 1;
				TEST_HOST = "$(BUILT_PRODUCTS_DIR)/ACNHGuide.app/$(BUNDLE_EXECUTABLE_FOLDER_PATH)/ACNHGuide";
			};
			name = Debug;
		};
		37A29F7F297842E100E043F0 /* Release */ = {
			isa = XCBuildConfiguration;
			buildSettings = {
				BUNDLE_LOADER = "$(TEST_HOST)";
				CODE_SIGN_STYLE = Automatic;
				CURRENT_PROJECT_VERSION = 1;
				DEBUG_INFORMATION_FORMAT = "dwarf-with-dsym";
				DEVELOPMENT_TEAM = 78PX5NWF8H;
				GENERATE_INFOPLIST_FILE = YES;
				IPHONEOS_DEPLOYMENT_TARGET = 16.2;
				MARKETING_VERSION = 1.0;
				PRODUCT_BUNDLE_IDENTIFIER = com.PayanMickael.ACNHGuideTests;
				PRODUCT_NAME = "$(TARGET_NAME)";
				SUPPORTED_PLATFORMS = "iphoneos iphonesimulator";
				SUPPORTS_MACCATALYST = NO;
				SUPPORTS_MAC_DESIGNED_FOR_IPHONE_IPAD = YES;
				SWIFT_EMIT_LOC_STRINGS = NO;
				SWIFT_VERSION = 5.0;
				TARGETED_DEVICE_FAMILY = 1;
				TEST_HOST = "$(BUILT_PRODUCTS_DIR)/ACNHGuide.app/$(BUNDLE_EXECUTABLE_FOLDER_PATH)/ACNHGuide";
			};
			name = Release;
		};
		37A7136C29681A700075BF25 /* Debug */ = {
			isa = XCBuildConfiguration;
			buildSettings = {
				ALWAYS_SEARCH_USER_PATHS = NO;
				CLANG_ANALYZER_NONNULL = YES;
				CLANG_ANALYZER_NUMBER_OBJECT_CONVERSION = YES_AGGRESSIVE;
				CLANG_CXX_LANGUAGE_STANDARD = "gnu++20";
				CLANG_ENABLE_MODULES = YES;
				CLANG_ENABLE_OBJC_ARC = YES;
				CLANG_ENABLE_OBJC_WEAK = YES;
				CLANG_WARN_BLOCK_CAPTURE_AUTORELEASING = YES;
				CLANG_WARN_BOOL_CONVERSION = YES;
				CLANG_WARN_COMMA = YES;
				CLANG_WARN_CONSTANT_CONVERSION = YES;
				CLANG_WARN_DEPRECATED_OBJC_IMPLEMENTATIONS = YES;
				CLANG_WARN_DIRECT_OBJC_ISA_USAGE = YES_ERROR;
				CLANG_WARN_DOCUMENTATION_COMMENTS = YES;
				CLANG_WARN_EMPTY_BODY = YES;
				CLANG_WARN_ENUM_CONVERSION = YES;
				CLANG_WARN_INFINITE_RECURSION = YES;
				CLANG_WARN_INT_CONVERSION = YES;
				CLANG_WARN_NON_LITERAL_NULL_CONVERSION = YES;
				CLANG_WARN_OBJC_IMPLICIT_RETAIN_SELF = YES;
				CLANG_WARN_OBJC_LITERAL_CONVERSION = YES;
				CLANG_WARN_OBJC_ROOT_CLASS = YES_ERROR;
				CLANG_WARN_QUOTED_INCLUDE_IN_FRAMEWORK_HEADER = YES;
				CLANG_WARN_RANGE_LOOP_ANALYSIS = YES;
				CLANG_WARN_STRICT_PROTOTYPES = YES;
				CLANG_WARN_SUSPICIOUS_MOVE = YES;
				CLANG_WARN_UNGUARDED_AVAILABILITY = YES_AGGRESSIVE;
				CLANG_WARN_UNREACHABLE_CODE = YES;
				CLANG_WARN__DUPLICATE_METHOD_MATCH = YES;
				COPY_PHASE_STRIP = NO;
				DEBUG_INFORMATION_FORMAT = "dwarf-with-dsym";
				ENABLE_STRICT_OBJC_MSGSEND = YES;
				ENABLE_TESTABILITY = YES;
				GCC_C_LANGUAGE_STANDARD = gnu11;
				GCC_DYNAMIC_NO_PIC = NO;
				GCC_NO_COMMON_BLOCKS = YES;
				GCC_OPTIMIZATION_LEVEL = 0;
				GCC_PREPROCESSOR_DEFINITIONS = (
					"DEBUG=1",
					"$(inherited)",
				);
				GCC_WARN_64_TO_32_BIT_CONVERSION = YES;
				GCC_WARN_ABOUT_RETURN_TYPE = YES_ERROR;
				GCC_WARN_UNDECLARED_SELECTOR = YES;
				GCC_WARN_UNINITIALIZED_AUTOS = YES_AGGRESSIVE;
				GCC_WARN_UNUSED_FUNCTION = YES;
				GCC_WARN_UNUSED_VARIABLE = YES;
				IPHONEOS_DEPLOYMENT_TARGET = 15.0;
				MTL_ENABLE_DEBUG_INFO = INCLUDE_SOURCE;
				MTL_FAST_MATH = YES;
				ONLY_ACTIVE_ARCH = YES;
				SDKROOT = iphoneos;
				SWIFT_ACTIVE_COMPILATION_CONDITIONS = DEBUG;
				SWIFT_OPTIMIZATION_LEVEL = "-Onone";
			};
			name = Debug;
		};
		37A7136D29681A700075BF25 /* Release */ = {
			isa = XCBuildConfiguration;
			buildSettings = {
				ALWAYS_SEARCH_USER_PATHS = NO;
				CLANG_ANALYZER_NONNULL = YES;
				CLANG_ANALYZER_NUMBER_OBJECT_CONVERSION = YES_AGGRESSIVE;
				CLANG_CXX_LANGUAGE_STANDARD = "gnu++20";
				CLANG_ENABLE_MODULES = YES;
				CLANG_ENABLE_OBJC_ARC = YES;
				CLANG_ENABLE_OBJC_WEAK = YES;
				CLANG_WARN_BLOCK_CAPTURE_AUTORELEASING = YES;
				CLANG_WARN_BOOL_CONVERSION = YES;
				CLANG_WARN_COMMA = YES;
				CLANG_WARN_CONSTANT_CONVERSION = YES;
				CLANG_WARN_DEPRECATED_OBJC_IMPLEMENTATIONS = YES;
				CLANG_WARN_DIRECT_OBJC_ISA_USAGE = YES_ERROR;
				CLANG_WARN_DOCUMENTATION_COMMENTS = YES;
				CLANG_WARN_EMPTY_BODY = YES;
				CLANG_WARN_ENUM_CONVERSION = YES;
				CLANG_WARN_INFINITE_RECURSION = YES;
				CLANG_WARN_INT_CONVERSION = YES;
				CLANG_WARN_NON_LITERAL_NULL_CONVERSION = YES;
				CLANG_WARN_OBJC_IMPLICIT_RETAIN_SELF = YES;
				CLANG_WARN_OBJC_LITERAL_CONVERSION = YES;
				CLANG_WARN_OBJC_ROOT_CLASS = YES_ERROR;
				CLANG_WARN_QUOTED_INCLUDE_IN_FRAMEWORK_HEADER = YES;
				CLANG_WARN_RANGE_LOOP_ANALYSIS = YES;
				CLANG_WARN_STRICT_PROTOTYPES = YES;
				CLANG_WARN_SUSPICIOUS_MOVE = YES;
				CLANG_WARN_UNGUARDED_AVAILABILITY = YES_AGGRESSIVE;
				CLANG_WARN_UNREACHABLE_CODE = YES;
				CLANG_WARN__DUPLICATE_METHOD_MATCH = YES;
				COPY_PHASE_STRIP = NO;
				DEBUG_INFORMATION_FORMAT = "dwarf-with-dsym";
				ENABLE_NS_ASSERTIONS = NO;
				ENABLE_STRICT_OBJC_MSGSEND = YES;
				GCC_C_LANGUAGE_STANDARD = gnu11;
				GCC_NO_COMMON_BLOCKS = YES;
				GCC_WARN_64_TO_32_BIT_CONVERSION = YES;
				GCC_WARN_ABOUT_RETURN_TYPE = YES_ERROR;
				GCC_WARN_UNDECLARED_SELECTOR = YES;
				GCC_WARN_UNINITIALIZED_AUTOS = YES_AGGRESSIVE;
				GCC_WARN_UNUSED_FUNCTION = YES;
				GCC_WARN_UNUSED_VARIABLE = YES;
				IPHONEOS_DEPLOYMENT_TARGET = 15.0;
				MTL_ENABLE_DEBUG_INFO = NO;
				MTL_FAST_MATH = YES;
				SDKROOT = iphoneos;
				SWIFT_COMPILATION_MODE = wholemodule;
				SWIFT_OPTIMIZATION_LEVEL = "-O";
				VALIDATE_PRODUCT = YES;
			};
			name = Release;
		};
		37A7136F29681A700075BF25 /* Debug */ = {
			isa = XCBuildConfiguration;
			buildSettings = {
				ASSETCATALOG_COMPILER_APPICON_NAME = AppIcon;
				ASSETCATALOG_COMPILER_GLOBAL_ACCENT_COLOR_NAME = AccentColor;
				CODE_SIGN_IDENTITY = "Apple Development";
				CODE_SIGN_STYLE = Automatic;
				CURRENT_PROJECT_VERSION = 1;
				DEVELOPMENT_TEAM = 78PX5NWF8H;
				GENERATE_INFOPLIST_FILE = YES;
				INFOPLIST_FILE = ACNHGuide/Info.plist;
				INFOPLIST_KEY_UIApplicationSupportsIndirectInputEvents = YES;
				INFOPLIST_KEY_UILaunchStoryboardName = LaunchScreen;
				INFOPLIST_KEY_UISupportedInterfaceOrientations = UIInterfaceOrientationPortrait;
				LD_RUNPATH_SEARCH_PATHS = (
					"$(inherited)",
					"@executable_path/Frameworks",
				);
				MARKETING_VERSION = 1.0;
				PRODUCT_BUNDLE_IDENTIFIER = com.PayanMickael.ACNHGuide;
				PRODUCT_NAME = "$(TARGET_NAME)";
				PROVISIONING_PROFILE_SPECIFIER = "";
				SUPPORTED_PLATFORMS = "iphoneos iphonesimulator";
				SUPPORTS_MACCATALYST = NO;
				SUPPORTS_MAC_DESIGNED_FOR_IPHONE_IPAD = YES;
				SWIFT_EMIT_LOC_STRINGS = YES;
				SWIFT_VERSION = 5.0;
				TARGETED_DEVICE_FAMILY = 1;
			};
			name = Debug;
		};
		37A7137029681A700075BF25 /* Release */ = {
			isa = XCBuildConfiguration;
			buildSettings = {
				ASSETCATALOG_COMPILER_APPICON_NAME = AppIcon;
				ASSETCATALOG_COMPILER_GLOBAL_ACCENT_COLOR_NAME = AccentColor;
				CODE_SIGN_IDENTITY = "Apple Development";
				CODE_SIGN_STYLE = Automatic;
				CURRENT_PROJECT_VERSION = 1;
				DEVELOPMENT_TEAM = 78PX5NWF8H;
				GENERATE_INFOPLIST_FILE = YES;
				INFOPLIST_FILE = ACNHGuide/Info.plist;
				INFOPLIST_KEY_UIApplicationSupportsIndirectInputEvents = YES;
				INFOPLIST_KEY_UILaunchStoryboardName = LaunchScreen;
				INFOPLIST_KEY_UISupportedInterfaceOrientations = UIInterfaceOrientationPortrait;
				LD_RUNPATH_SEARCH_PATHS = (
					"$(inherited)",
					"@executable_path/Frameworks",
				);
				MARKETING_VERSION = 1.0;
				PRODUCT_BUNDLE_IDENTIFIER = com.PayanMickael.ACNHGuide;
				PRODUCT_NAME = "$(TARGET_NAME)";
				PROVISIONING_PROFILE_SPECIFIER = "";
				SUPPORTED_PLATFORMS = "iphoneos iphonesimulator";
				SUPPORTS_MACCATALYST = NO;
				SUPPORTS_MAC_DESIGNED_FOR_IPHONE_IPAD = YES;
				SWIFT_EMIT_LOC_STRINGS = YES;
				SWIFT_VERSION = 5.0;
				TARGETED_DEVICE_FAMILY = 1;
			};
			name = Release;
		};
/* End XCBuildConfiguration section */

/* Begin XCConfigurationList section */
		37A29F7D297842E100E043F0 /* Build configuration list for PBXNativeTarget "ACNHGuideTests" */ = {
			isa = XCConfigurationList;
			buildConfigurations = (
				37A29F7E297842E100E043F0 /* Debug */,
				37A29F7F297842E100E043F0 /* Release */,
			);
			defaultConfigurationIsVisible = 0;
			defaultConfigurationName = Release;
		};
		37A7135529681A6F0075BF25 /* Build configuration list for PBXProject "ACNHGuide" */ = {
			isa = XCConfigurationList;
			buildConfigurations = (
				37A7136C29681A700075BF25 /* Debug */,
				37A7136D29681A700075BF25 /* Release */,
			);
			defaultConfigurationIsVisible = 0;
			defaultConfigurationName = Release;
		};
		37A7136E29681A700075BF25 /* Build configuration list for PBXNativeTarget "ACNHGuide" */ = {
			isa = XCConfigurationList;
			buildConfigurations = (
				37A7136F29681A700075BF25 /* Debug */,
				37A7137029681A700075BF25 /* Release */,
			);
			defaultConfigurationIsVisible = 0;
			defaultConfigurationName = Release;
		};
/* End XCConfigurationList section */

/* Begin XCRemoteSwiftPackageReference section */
		3703860729799AA3002CC431 /* XCRemoteSwiftPackageReference "realm-swift" */ = {
			isa = XCRemoteSwiftPackageReference;
			repositoryURL = "https://github.com/realm/realm-swift";
			requirement = {
				branch = master;
				kind = branch;
			};
		};
		379B3A0929C9EECA008FFD79 /* XCRemoteSwiftPackageReference "firebase-ios-sdk" */ = {
			isa = XCRemoteSwiftPackageReference;
			repositoryURL = "https://github.com/firebase/firebase-ios-sdk";
			requirement = {
				branch = master;
				kind = branch;
			};
		};
/* End XCRemoteSwiftPackageReference section */

/* Begin XCSwiftPackageProductDependency section */
		3703860A29799AA3002CC431 /* RealmSwift */ = {
			isa = XCSwiftPackageProductDependency;
			package = 3703860729799AA3002CC431 /* XCRemoteSwiftPackageReference "realm-swift" */;
			productName = RealmSwift;
		};
		3765CE58298AA253009E6CCF /* RealmSwift */ = {
			isa = XCSwiftPackageProductDependency;
			package = 3703860729799AA3002CC431 /* XCRemoteSwiftPackageReference "realm-swift" */;
			productName = RealmSwift;
		};
		379B3A0A29C9EECA008FFD79 /* FirebaseAnalytics */ = {
			isa = XCSwiftPackageProductDependency;
			package = 379B3A0929C9EECA008FFD79 /* XCRemoteSwiftPackageReference "firebase-ios-sdk" */;
			productName = FirebaseAnalytics;
		};
		379B3A0C29C9EECA008FFD79 /* FirebasePerformance */ = {
			isa = XCSwiftPackageProductDependency;
			package = 379B3A0929C9EECA008FFD79 /* XCRemoteSwiftPackageReference "firebase-ios-sdk" */;
			productName = FirebasePerformance;
		};
		379B3A0E29C9F555008FFD79 /* FirebaseCrashlytics */ = {
			isa = XCSwiftPackageProductDependency;
			package = 379B3A0929C9EECA008FFD79 /* XCRemoteSwiftPackageReference "firebase-ios-sdk" */;
			productName = FirebaseCrashlytics;
		};
		379B3A1029C9F56C008FFD79 /* FirebaseAnalytics */ = {
			isa = XCSwiftPackageProductDependency;
			package = 379B3A0929C9EECA008FFD79 /* XCRemoteSwiftPackageReference "firebase-ios-sdk" */;
			productName = FirebaseAnalytics;
		};
		379B3A1229C9F56C008FFD79 /* FirebaseCrashlytics */ = {
			isa = XCSwiftPackageProductDependency;
			package = 379B3A0929C9EECA008FFD79 /* XCRemoteSwiftPackageReference "firebase-ios-sdk" */;
			productName = FirebaseCrashlytics;
		};
		379B3A1429C9F56C008FFD79 /* FirebasePerformance */ = {
			isa = XCSwiftPackageProductDependency;
			package = 379B3A0929C9EECA008FFD79 /* XCRemoteSwiftPackageReference "firebase-ios-sdk" */;
			productName = FirebasePerformance;
		};
/* End XCSwiftPackageProductDependency section */
	};
	rootObject = 37A7135229681A6F0075BF25 /* Project object */;
}
